<?xml version="1.0" encoding="UTF-8"?>
<!DOCTYPE plist PUBLIC "-//Apple//DTD PLIST 1.0//EN" "http://www.apple.com/DTDs/PropertyList-1.0.dtd">
<plist version="1.0">
<dict>
	<key>archiveVersion</key>
	<string>1</string>
	<key>classes</key>
	<dict/>
	<key>objectVersion</key>
	<string>46</string>
	<key>objects</key>
	<dict>
		<key>0C9101593111FE2403F88E22</key>
		<dict>
			<key>includeInIndex</key>
			<string>1</string>
			<key>isa</key>
			<string>PBXFileReference</string>
			<key>lastKnownFileType</key>
			<string>text.xcconfig</string>
			<key>name</key>
			<string>Pods.release.xcconfig</string>
			<key>path</key>
			<string>Pods/Target Support Files/Pods/Pods.release.xcconfig</string>
			<key>sourceTree</key>
			<string>&lt;group&gt;</string>
		</dict>
		<key>0D147B0D512A9A222F3727F9</key>
		<dict>
			<key>includeInIndex</key>
			<string>1</string>
			<key>isa</key>
			<string>PBXFileReference</string>
			<key>lastKnownFileType</key>
			<string>text.xcconfig</string>
			<key>name</key>
			<string>Pods.debug.xcconfig</string>
			<key>path</key>
			<string>Pods/Target Support Files/Pods/Pods.debug.xcconfig</string>
			<key>sourceTree</key>
			<string>&lt;group&gt;</string>
		</dict>
		<key>4A10DE1C1B3A2D76C52F1031</key>
		<dict>
			<key>fileRef</key>
			<string>89E5C04FCB28E3E37EF02375</string>
			<key>isa</key>
			<string>PBXBuildFile</string>
		</dict>
		<key>518153306062404DF804C3F7</key>
		<dict>
			<key>buildActionMask</key>
			<string>2147483647</string>
			<key>files</key>
			<array/>
			<key>inputPaths</key>
			<array/>
			<key>isa</key>
			<string>PBXShellScriptBuildPhase</string>
			<key>name</key>
			<string>Copy Pods Resources</string>
			<key>outputPaths</key>
			<array/>
			<key>runOnlyForDeploymentPostprocessing</key>
			<string>0</string>
			<key>shellPath</key>
			<string>/bin/sh</string>
			<key>shellScript</key>
			<string>"${SRCROOT}/Pods/Target Support Files/Pods/Pods-resources.sh"
</string>
			<key>showEnvVarsInLog</key>
			<string>0</string>
		</dict>
		<key>7501E1641CA7BDFB0047B6D0</key>
		<dict>
			<key>children</key>
			<array>
				<string>7501E16F1CA7BDFB0047B6D0</string>
				<string>7501E1841CA7BDFB0047B6D0</string>
				<string>7501E18F1CA7BDFB0047B6D0</string>
				<string>7501E16E1CA7BDFB0047B6D0</string>
				<string>C73F417569FD2598F584113C</string>
				<string>8AC7097A3CE5DE98CA2BDDEA</string>
			</array>
			<key>isa</key>
			<string>PBXGroup</string>
			<key>sourceTree</key>
			<string>&lt;group&gt;</string>
		</dict>
		<key>7501E1651CA7BDFB0047B6D0</key>
		<dict>
			<key>attributes</key>
			<dict>
				<key>LastSwiftUpdateCheck</key>
				<string>0730</string>
				<key>LastUpgradeCheck</key>
				<string>0730</string>
				<key>ORGANIZATIONNAME</key>
				<string>&#21202;&#20426;</string>
				<key>TargetAttributes</key>
				<dict>
					<key>7501E16C1CA7BDFB0047B6D0</key>
					<dict>
						<key>CreatedOnToolsVersion</key>
						<string>7.3</string>
					</dict>
					<key>7501E1801CA7BDFB0047B6D0</key>
					<dict>
						<key>CreatedOnToolsVersion</key>
						<string>7.3</string>
						<key>TestTargetID</key>
						<string>7501E16C1CA7BDFB0047B6D0</string>
					</dict>
					<key>7501E18B1CA7BDFB0047B6D0</key>
					<dict>
						<key>CreatedOnToolsVersion</key>
						<string>7.3</string>
						<key>TestTargetID</key>
						<string>7501E16C1CA7BDFB0047B6D0</string>
					</dict>
				</dict>
			</dict>
			<key>buildConfigurationList</key>
			<string>7501E1681CA7BDFB0047B6D0</string>
			<key>compatibilityVersion</key>
			<string>Xcode 3.2</string>
			<key>developmentRegion</key>
			<string>English</string>
			<key>hasScannedForEncodings</key>
			<string>0</string>
			<key>isa</key>
			<string>PBXProject</string>
			<key>knownRegions</key>
			<array>
				<string>en</string>
				<string>Base</string>
			</array>
			<key>mainGroup</key>
			<string>7501E1641CA7BDFB0047B6D0</string>
			<key>productRefGroup</key>
			<string>7501E16E1CA7BDFB0047B6D0</string>
			<key>projectDirPath</key>
			<string></string>
			<key>projectReferences</key>
			<array/>
			<key>projectRoot</key>
			<string></string>
			<key>targets</key>
			<array>
				<string>7501E16C1CA7BDFB0047B6D0</string>
				<string>7501E1801CA7BDFB0047B6D0</string>
				<string>7501E18B1CA7BDFB0047B6D0</string>
			</array>
		</dict>
		<key>7501E1681CA7BDFB0047B6D0</key>
		<dict>
			<key>buildConfigurations</key>
			<array>
				<string>7501E1931CA7BDFB0047B6D0</string>
				<string>7501E1941CA7BDFB0047B6D0</string>
			</array>
			<key>defaultConfigurationIsVisible</key>
			<string>0</string>
			<key>defaultConfigurationName</key>
			<string>Release</string>
			<key>isa</key>
			<string>XCConfigurationList</string>
		</dict>
		<key>7501E1691CA7BDFB0047B6D0</key>
		<dict>
			<key>buildActionMask</key>
			<string>2147483647</string>
			<key>files</key>
			<array>
				<string>7543FBA81CA9794D0041228D</string>
				<string>7543FBA11CA9673D0041228D</string>
				<string>755C97021CA8E21600C83667</string>
				<string>75D168661CAAD4A000BAE849</string>
				<string>7563B3CE1CA7CD4200BC84BB</string>
				<string>755C96FF1CA8E0F600C83667</string>
				<string>755C97041CA8E34400C83667</string>
				<string>75C9A9C51CA8C8F300F95090</string>
				<string>759D4B001CACAEC100B103A5</string>
				<string>755C96E81CA8D87900C83667</string>
				<string>7595C4191CA913D0000EECAB</string>
				<string>75E369E91CAA360400263D6D</string>
				<string>7563B3D31CA7CD8700BC84BB</string>
				<string>75C9A9C11CA8C8BF00F95090</string>
				<string>7563B3D71CA7CDA200BC84BB</string>
				<string>759D4AFC1CACAEA300B103A5</string>
				<string>75C9A9BF1CA8C89B00F95090</string>
				<string>7563B3DA1CA7CF4300BC84BB</string>
				<string>759D4B041CACB27800B103A5</string>
				<string>7501E1731CA7BDFB0047B6D0</string>
				<string>75C9A9C31CA8C8DD00F95090</string>
				<string>75E369E51CAA2CA000263D6D</string>
				<string>7563B3CC1CA7CCFF00BC84BB</string>
				<string>75D1686B1CAAD66000BAE849</string>
				<string>7501E1711CA7BDFB0047B6D0</string>
				<string>7595C41C1CA91962000EECAB</string>
				<string>755B24331CA8213600ECC369</string>
				<string>7543FBA51CA96B0A0041228D</string>
			</array>
			<key>isa</key>
			<string>PBXSourcesBuildPhase</string>
			<key>runOnlyForDeploymentPostprocessing</key>
			<string>0</string>
		</dict>
		<key>7501E16A1CA7BDFB0047B6D0</key>
		<dict>
			<key>buildActionMask</key>
			<string>2147483647</string>
			<key>files</key>
			<array>
				<string>755B24711CA82ADF00ECC369</string>
				<string>4A10DE1C1B3A2D76C52F1031</string>
			</array>
			<key>isa</key>
			<string>PBXFrameworksBuildPhase</string>
			<key>runOnlyForDeploymentPostprocessing</key>
			<string>0</string>
		</dict>
		<key>7501E16B1CA7BDFB0047B6D0</key>
		<dict>
			<key>buildActionMask</key>
			<string>2147483647</string>
			<key>files</key>
			<array>
				<string>755C96FD1CA8DC0600C83667</string>
				<string>755C96FC1CA8DC0600C83667</string>
				<string>759D4B051CACB27800B103A5</string>
				<string>7595C41A1CA913D0000EECAB</string>
				<string>755C96F81CA8DC0600C83667</string>
				<string>75E369EA1CAA360400263D6D</string>
				<string>755C96F51CA8DC0600C83667</string>
				<string>7543FBA61CA96B0A0041228D</string>
				<string>755C96FA1CA8DC0600C83667</string>
				<string>755C96F91CA8DC0600C83667</string>
				<string>7543FBA21CA9673D0041228D</string>
				<string>755C96F71CA8DC0600C83667</string>
				<string>7563B3D41CA7CD8700BC84BB</string>
				<string>7595C41E1CA91987000EECAB</string>
				<string>7501E17B1CA7BDFB0047B6D0</string>
				<string>759D4B011CACAEC100B103A5</string>
				<string>7501E1781CA7BDFB0047B6D0</string>
				<string>755C96FB1CA8DC0600C83667</string>
				<string>75D1686C1CAAD66000BAE849</string>
				<string>755C96F61CA8DC0600C83667</string>
				<string>7501E1761CA7BDFB0047B6D0</string>
				<string>75E369E61CAA2CA000263D6D</string>
				<string>755C96E91CA8D87900C83667</string>
				<string>7563B3D81CA7CDA200BC84BB</string>
				<string>759D4AFD1CACAEA300B103A5</string>
				<string>7543FBAA1CA9795C0041228D</string>
			</array>
			<key>isa</key>
			<string>PBXResourcesBuildPhase</string>
			<key>runOnlyForDeploymentPostprocessing</key>
			<string>0</string>
		</dict>
		<key>7501E16C1CA7BDFB0047B6D0</key>
		<dict>
			<key>buildConfigurationList</key>
			<string>7501E1951CA7BDFB0047B6D0</string>
			<key>buildPhases</key>
			<array>
				<string>D4C47E833A76F8AD7E5CCCB3</string>
				<string>7501E1691CA7BDFB0047B6D0</string>
				<string>7501E16A1CA7BDFB0047B6D0</string>
				<string>7501E16B1CA7BDFB0047B6D0</string>
				<string>B64509A73216430E2225F322</string>
				<string>518153306062404DF804C3F7</string>
			</array>
			<key>buildRules</key>
			<array/>
			<key>dependencies</key>
			<array/>
			<key>isa</key>
			<string>PBXNativeTarget</string>
			<key>name</key>
			<string>TMR</string>
			<key>productName</key>
			<string>TMR</string>
			<key>productReference</key>
			<string>7501E16D1CA7BDFB0047B6D0</string>
			<key>productType</key>
			<string>com.apple.product-type.application</string>
		</dict>
		<key>7501E16D1CA7BDFB0047B6D0</key>
		<dict>
			<key>explicitFileType</key>
			<string>wrapper.application</string>
			<key>includeInIndex</key>
			<string>0</string>
			<key>isa</key>
			<string>PBXFileReference</string>
			<key>path</key>
			<string>TMR.app</string>
			<key>sourceTree</key>
			<string>BUILT_PRODUCTS_DIR</string>
		</dict>
		<key>7501E16E1CA7BDFB0047B6D0</key>
		<dict>
			<key>children</key>
			<array>
				<string>7501E16D1CA7BDFB0047B6D0</string>
				<string>7501E1811CA7BDFB0047B6D0</string>
				<string>7501E18C1CA7BDFB0047B6D0</string>
			</array>
			<key>isa</key>
			<string>PBXGroup</string>
			<key>name</key>
			<string>Products</string>
			<key>sourceTree</key>
			<string>&lt;group&gt;</string>
		</dict>
		<key>7501E16F1CA7BDFB0047B6D0</key>
		<dict>
			<key>children</key>
			<array>
				<string>755C96EA1CA8DC0600C83667</string>
				<string>7563B3B81CA7CCAE00BC84BB</string>
				<string>7501E1701CA7BDFB0047B6D0</string>
				<string>7501E1721CA7BDFB0047B6D0</string>
				<string>7501E1741CA7BDFB0047B6D0</string>
				<string>7501E1771CA7BDFB0047B6D0</string>
				<string>7501E1791CA7BDFB0047B6D0</string>
				<string>7501E17C1CA7BDFB0047B6D0</string>
			</array>
			<key>isa</key>
			<string>PBXGroup</string>
			<key>path</key>
			<string>TMR</string>
			<key>sourceTree</key>
			<string>&lt;group&gt;</string>
		</dict>
		<key>7501E1701CA7BDFB0047B6D0</key>
		<dict>
			<key>isa</key>
			<string>PBXFileReference</string>
			<key>lastKnownFileType</key>
			<string>sourcecode.swift</string>
			<key>path</key>
			<string>AppDelegate.swift</string>
			<key>sourceTree</key>
			<string>&lt;group&gt;</string>
		</dict>
		<key>7501E1711CA7BDFB0047B6D0</key>
		<dict>
			<key>fileRef</key>
			<string>7501E1701CA7BDFB0047B6D0</string>
			<key>isa</key>
			<string>PBXBuildFile</string>
		</dict>
		<key>7501E1721CA7BDFB0047B6D0</key>
		<dict>
			<key>isa</key>
			<string>PBXFileReference</string>
			<key>lastKnownFileType</key>
			<string>sourcecode.swift</string>
			<key>path</key>
			<string>ViewController.swift</string>
			<key>sourceTree</key>
			<string>&lt;group&gt;</string>
		</dict>
		<key>7501E1731CA7BDFB0047B6D0</key>
		<dict>
			<key>fileRef</key>
			<string>7501E1721CA7BDFB0047B6D0</string>
			<key>isa</key>
			<string>PBXBuildFile</string>
		</dict>
		<key>7501E1741CA7BDFB0047B6D0</key>
		<dict>
			<key>children</key>
			<array>
				<string>7501E1751CA7BDFB0047B6D0</string>
			</array>
			<key>isa</key>
			<string>PBXVariantGroup</string>
			<key>name</key>
			<string>Main.storyboard</string>
			<key>sourceTree</key>
			<string>&lt;group&gt;</string>
		</dict>
		<key>7501E1751CA7BDFB0047B6D0</key>
		<dict>
			<key>isa</key>
			<string>PBXFileReference</string>
			<key>lastKnownFileType</key>
			<string>file.storyboard</string>
			<key>name</key>
			<string>Base</string>
			<key>path</key>
			<string>Base.lproj/Main.storyboard</string>
			<key>sourceTree</key>
			<string>&lt;group&gt;</string>
		</dict>
		<key>7501E1761CA7BDFB0047B6D0</key>
		<dict>
			<key>fileRef</key>
			<string>7501E1741CA7BDFB0047B6D0</string>
			<key>isa</key>
			<string>PBXBuildFile</string>
		</dict>
		<key>7501E1771CA7BDFB0047B6D0</key>
		<dict>
			<key>isa</key>
			<string>PBXFileReference</string>
			<key>lastKnownFileType</key>
			<string>folder.assetcatalog</string>
			<key>path</key>
			<string>Assets.xcassets</string>
			<key>sourceTree</key>
			<string>&lt;group&gt;</string>
		</dict>
		<key>7501E1781CA7BDFB0047B6D0</key>
		<dict>
			<key>fileRef</key>
			<string>7501E1771CA7BDFB0047B6D0</string>
			<key>isa</key>
			<string>PBXBuildFile</string>
		</dict>
		<key>7501E1791CA7BDFB0047B6D0</key>
		<dict>
			<key>children</key>
			<array>
				<string>7501E17A1CA7BDFB0047B6D0</string>
			</array>
			<key>isa</key>
			<string>PBXVariantGroup</string>
			<key>name</key>
			<string>LaunchScreen.storyboard</string>
			<key>sourceTree</key>
			<string>&lt;group&gt;</string>
		</dict>
		<key>7501E17A1CA7BDFB0047B6D0</key>
		<dict>
			<key>isa</key>
			<string>PBXFileReference</string>
			<key>lastKnownFileType</key>
			<string>file.storyboard</string>
			<key>name</key>
			<string>Base</string>
			<key>path</key>
			<string>Base.lproj/LaunchScreen.storyboard</string>
			<key>sourceTree</key>
			<string>&lt;group&gt;</string>
		</dict>
		<key>7501E17B1CA7BDFB0047B6D0</key>
		<dict>
			<key>fileRef</key>
			<string>7501E1791CA7BDFB0047B6D0</string>
			<key>isa</key>
			<string>PBXBuildFile</string>
		</dict>
		<key>7501E17C1CA7BDFB0047B6D0</key>
		<dict>
			<key>isa</key>
			<string>PBXFileReference</string>
			<key>lastKnownFileType</key>
			<string>text.plist.xml</string>
			<key>path</key>
			<string>Info.plist</string>
			<key>sourceTree</key>
			<string>&lt;group&gt;</string>
		</dict>
		<key>7501E17D1CA7BDFB0047B6D0</key>
		<dict>
			<key>buildActionMask</key>
			<string>2147483647</string>
			<key>files</key>
			<array>
				<string>7501E1861CA7BDFB0047B6D0</string>
			</array>
			<key>isa</key>
			<string>PBXSourcesBuildPhase</string>
			<key>runOnlyForDeploymentPostprocessing</key>
			<string>0</string>
		</dict>
		<key>7501E17E1CA7BDFB0047B6D0</key>
		<dict>
			<key>buildActionMask</key>
			<string>2147483647</string>
			<key>files</key>
			<array/>
			<key>isa</key>
			<string>PBXFrameworksBuildPhase</string>
			<key>runOnlyForDeploymentPostprocessing</key>
			<string>0</string>
		</dict>
		<key>7501E17F1CA7BDFB0047B6D0</key>
		<dict>
			<key>buildActionMask</key>
			<string>2147483647</string>
			<key>files</key>
			<array/>
			<key>isa</key>
			<string>PBXResourcesBuildPhase</string>
			<key>runOnlyForDeploymentPostprocessing</key>
			<string>0</string>
		</dict>
		<key>7501E1801CA7BDFB0047B6D0</key>
		<dict>
			<key>buildConfigurationList</key>
			<string>7501E1981CA7BDFB0047B6D0</string>
			<key>buildPhases</key>
			<array>
				<string>7501E17D1CA7BDFB0047B6D0</string>
				<string>7501E17E1CA7BDFB0047B6D0</string>
				<string>7501E17F1CA7BDFB0047B6D0</string>
			</array>
			<key>buildRules</key>
			<array/>
			<key>dependencies</key>
			<array>
				<string>7501E1831CA7BDFB0047B6D0</string>
			</array>
			<key>isa</key>
			<string>PBXNativeTarget</string>
			<key>name</key>
			<string>TMRTests</string>
			<key>productName</key>
			<string>TMRTests</string>
			<key>productReference</key>
			<string>7501E1811CA7BDFB0047B6D0</string>
			<key>productType</key>
			<string>com.apple.product-type.bundle.unit-test</string>
		</dict>
		<key>7501E1811CA7BDFB0047B6D0</key>
		<dict>
			<key>explicitFileType</key>
			<string>wrapper.cfbundle</string>
			<key>includeInIndex</key>
			<string>0</string>
			<key>isa</key>
			<string>PBXFileReference</string>
			<key>path</key>
			<string>TMRTests.xctest</string>
			<key>sourceTree</key>
			<string>BUILT_PRODUCTS_DIR</string>
		</dict>
		<key>7501E1821CA7BDFB0047B6D0</key>
		<dict>
			<key>containerPortal</key>
			<string>7501E1651CA7BDFB0047B6D0</string>
			<key>isa</key>
			<string>PBXContainerItemProxy</string>
			<key>proxyType</key>
			<string>1</string>
			<key>remoteGlobalIDString</key>
			<string>7501E16C1CA7BDFB0047B6D0</string>
			<key>remoteInfo</key>
			<string>TMR</string>
		</dict>
		<key>7501E1831CA7BDFB0047B6D0</key>
		<dict>
			<key>isa</key>
			<string>PBXTargetDependency</string>
			<key>target</key>
			<string>7501E16C1CA7BDFB0047B6D0</string>
			<key>targetProxy</key>
			<string>7501E1821CA7BDFB0047B6D0</string>
		</dict>
		<key>7501E1841CA7BDFB0047B6D0</key>
		<dict>
			<key>children</key>
			<array>
				<string>7501E1851CA7BDFB0047B6D0</string>
				<string>7501E1871CA7BDFB0047B6D0</string>
			</array>
			<key>isa</key>
			<string>PBXGroup</string>
			<key>path</key>
			<string>TMRTests</string>
			<key>sourceTree</key>
			<string>&lt;group&gt;</string>
		</dict>
		<key>7501E1851CA7BDFB0047B6D0</key>
		<dict>
			<key>isa</key>
			<string>PBXFileReference</string>
			<key>lastKnownFileType</key>
			<string>sourcecode.swift</string>
			<key>path</key>
			<string>TMRTests.swift</string>
			<key>sourceTree</key>
			<string>&lt;group&gt;</string>
		</dict>
		<key>7501E1861CA7BDFB0047B6D0</key>
		<dict>
			<key>fileRef</key>
			<string>7501E1851CA7BDFB0047B6D0</string>
			<key>isa</key>
			<string>PBXBuildFile</string>
		</dict>
		<key>7501E1871CA7BDFB0047B6D0</key>
		<dict>
			<key>isa</key>
			<string>PBXFileReference</string>
			<key>lastKnownFileType</key>
			<string>text.plist.xml</string>
			<key>path</key>
			<string>Info.plist</string>
			<key>sourceTree</key>
			<string>&lt;group&gt;</string>
		</dict>
		<key>7501E1881CA7BDFB0047B6D0</key>
		<dict>
			<key>buildActionMask</key>
			<string>2147483647</string>
			<key>files</key>
			<array>
				<string>7501E1911CA7BDFB0047B6D0</string>
			</array>
			<key>isa</key>
			<string>PBXSourcesBuildPhase</string>
			<key>runOnlyForDeploymentPostprocessing</key>
			<string>0</string>
		</dict>
		<key>7501E1891CA7BDFB0047B6D0</key>
		<dict>
			<key>buildActionMask</key>
			<string>2147483647</string>
			<key>files</key>
			<array/>
			<key>isa</key>
			<string>PBXFrameworksBuildPhase</string>
			<key>runOnlyForDeploymentPostprocessing</key>
			<string>0</string>
		</dict>
		<key>7501E18A1CA7BDFB0047B6D0</key>
		<dict>
			<key>buildActionMask</key>
			<string>2147483647</string>
			<key>files</key>
			<array/>
			<key>isa</key>
			<string>PBXResourcesBuildPhase</string>
			<key>runOnlyForDeploymentPostprocessing</key>
			<string>0</string>
		</dict>
		<key>7501E18B1CA7BDFB0047B6D0</key>
		<dict>
			<key>buildConfigurationList</key>
			<string>7501E19B1CA7BDFB0047B6D0</string>
			<key>buildPhases</key>
			<array>
				<string>7501E1881CA7BDFB0047B6D0</string>
				<string>7501E1891CA7BDFB0047B6D0</string>
				<string>7501E18A1CA7BDFB0047B6D0</string>
			</array>
			<key>buildRules</key>
			<array/>
			<key>dependencies</key>
			<array>
				<string>7501E18E1CA7BDFB0047B6D0</string>
			</array>
			<key>isa</key>
			<string>PBXNativeTarget</string>
			<key>name</key>
			<string>TMRUITests</string>
			<key>productName</key>
			<string>TMRUITests</string>
			<key>productReference</key>
			<string>7501E18C1CA7BDFB0047B6D0</string>
			<key>productType</key>
			<string>com.apple.product-type.bundle.ui-testing</string>
		</dict>
		<key>7501E18C1CA7BDFB0047B6D0</key>
		<dict>
			<key>explicitFileType</key>
			<string>wrapper.cfbundle</string>
			<key>includeInIndex</key>
			<string>0</string>
			<key>isa</key>
			<string>PBXFileReference</string>
			<key>path</key>
			<string>TMRUITests.xctest</string>
			<key>sourceTree</key>
			<string>BUILT_PRODUCTS_DIR</string>
		</dict>
		<key>7501E18D1CA7BDFB0047B6D0</key>
		<dict>
			<key>containerPortal</key>
			<string>7501E1651CA7BDFB0047B6D0</string>
			<key>isa</key>
			<string>PBXContainerItemProxy</string>
			<key>proxyType</key>
			<string>1</string>
			<key>remoteGlobalIDString</key>
			<string>7501E16C1CA7BDFB0047B6D0</string>
			<key>remoteInfo</key>
			<string>TMR</string>
		</dict>
		<key>7501E18E1CA7BDFB0047B6D0</key>
		<dict>
			<key>isa</key>
			<string>PBXTargetDependency</string>
			<key>target</key>
			<string>7501E16C1CA7BDFB0047B6D0</string>
			<key>targetProxy</key>
			<string>7501E18D1CA7BDFB0047B6D0</string>
		</dict>
		<key>7501E18F1CA7BDFB0047B6D0</key>
		<dict>
			<key>children</key>
			<array>
				<string>7501E1901CA7BDFB0047B6D0</string>
				<string>7501E1921CA7BDFB0047B6D0</string>
			</array>
			<key>isa</key>
			<string>PBXGroup</string>
			<key>path</key>
			<string>TMRUITests</string>
			<key>sourceTree</key>
			<string>&lt;group&gt;</string>
		</dict>
		<key>7501E1901CA7BDFB0047B6D0</key>
		<dict>
			<key>isa</key>
			<string>PBXFileReference</string>
			<key>lastKnownFileType</key>
			<string>sourcecode.swift</string>
			<key>path</key>
			<string>TMRUITests.swift</string>
			<key>sourceTree</key>
			<string>&lt;group&gt;</string>
		</dict>
		<key>7501E1911CA7BDFB0047B6D0</key>
		<dict>
			<key>fileRef</key>
			<string>7501E1901CA7BDFB0047B6D0</string>
			<key>isa</key>
			<string>PBXBuildFile</string>
		</dict>
		<key>7501E1921CA7BDFB0047B6D0</key>
		<dict>
			<key>isa</key>
			<string>PBXFileReference</string>
			<key>lastKnownFileType</key>
			<string>text.plist.xml</string>
			<key>path</key>
			<string>Info.plist</string>
			<key>sourceTree</key>
			<string>&lt;group&gt;</string>
		</dict>
		<key>7501E1931CA7BDFB0047B6D0</key>
		<dict>
			<key>buildSettings</key>
			<dict>
				<key>ALWAYS_SEARCH_USER_PATHS</key>
				<string>NO</string>
				<key>CLANG_ANALYZER_NONNULL</key>
				<string>YES</string>
				<key>CLANG_CXX_LANGUAGE_STANDARD</key>
				<string>gnu++0x</string>
				<key>CLANG_CXX_LIBRARY</key>
				<string>libc++</string>
				<key>CLANG_ENABLE_MODULES</key>
				<string>YES</string>
				<key>CLANG_ENABLE_OBJC_ARC</key>
				<string>YES</string>
				<key>CLANG_WARN_BOOL_CONVERSION</key>
				<string>YES</string>
				<key>CLANG_WARN_CONSTANT_CONVERSION</key>
				<string>YES</string>
				<key>CLANG_WARN_DIRECT_OBJC_ISA_USAGE</key>
				<string>YES_ERROR</string>
				<key>CLANG_WARN_EMPTY_BODY</key>
				<string>YES</string>
				<key>CLANG_WARN_ENUM_CONVERSION</key>
				<string>YES</string>
				<key>CLANG_WARN_INT_CONVERSION</key>
				<string>YES</string>
				<key>CLANG_WARN_OBJC_ROOT_CLASS</key>
				<string>YES_ERROR</string>
				<key>CLANG_WARN_UNREACHABLE_CODE</key>
				<string>YES</string>
				<key>CLANG_WARN__DUPLICATE_METHOD_MATCH</key>
				<string>YES</string>
				<key>CODE_SIGN_IDENTITY[sdk=iphoneos*]</key>
				<string>iPhone Developer</string>
				<key>COPY_PHASE_STRIP</key>
				<string>NO</string>
				<key>DEBUG_INFORMATION_FORMAT</key>
				<string>dwarf</string>
				<key>ENABLE_STRICT_OBJC_MSGSEND</key>
				<string>YES</string>
				<key>ENABLE_TESTABILITY</key>
				<string>YES</string>
				<key>GCC_C_LANGUAGE_STANDARD</key>
				<string>gnu99</string>
				<key>GCC_DYNAMIC_NO_PIC</key>
				<string>NO</string>
				<key>GCC_NO_COMMON_BLOCKS</key>
				<string>YES</string>
				<key>GCC_OPTIMIZATION_LEVEL</key>
				<string>0</string>
				<key>GCC_PREPROCESSOR_DEFINITIONS</key>
				<array>
					<string>DEBUG=1</string>
					<string>$(inherited)</string>
				</array>
				<key>GCC_WARN_64_TO_32_BIT_CONVERSION</key>
				<string>YES</string>
				<key>GCC_WARN_ABOUT_RETURN_TYPE</key>
				<string>YES_ERROR</string>
				<key>GCC_WARN_UNDECLARED_SELECTOR</key>
				<string>YES</string>
				<key>GCC_WARN_UNINITIALIZED_AUTOS</key>
				<string>YES_AGGRESSIVE</string>
				<key>GCC_WARN_UNUSED_FUNCTION</key>
				<string>YES</string>
				<key>GCC_WARN_UNUSED_VARIABLE</key>
				<string>YES</string>
				<key>IPHONEOS_DEPLOYMENT_TARGET</key>
				<string>9.3</string>
				<key>MTL_ENABLE_DEBUG_INFO</key>
				<string>YES</string>
				<key>ONLY_ACTIVE_ARCH</key>
				<string>YES</string>
				<key>SDKROOT</key>
				<string>iphoneos</string>
				<key>SWIFT_OPTIMIZATION_LEVEL</key>
				<string>-Onone</string>
			</dict>
			<key>isa</key>
			<string>XCBuildConfiguration</string>
			<key>name</key>
			<string>Debug</string>
		</dict>
		<key>7501E1941CA7BDFB0047B6D0</key>
		<dict>
			<key>buildSettings</key>
			<dict>
				<key>ALWAYS_SEARCH_USER_PATHS</key>
				<string>NO</string>
				<key>CLANG_ANALYZER_NONNULL</key>
				<string>YES</string>
				<key>CLANG_CXX_LANGUAGE_STANDARD</key>
				<string>gnu++0x</string>
				<key>CLANG_CXX_LIBRARY</key>
				<string>libc++</string>
				<key>CLANG_ENABLE_MODULES</key>
				<string>YES</string>
				<key>CLANG_ENABLE_OBJC_ARC</key>
				<string>YES</string>
				<key>CLANG_WARN_BOOL_CONVERSION</key>
				<string>YES</string>
				<key>CLANG_WARN_CONSTANT_CONVERSION</key>
				<string>YES</string>
				<key>CLANG_WARN_DIRECT_OBJC_ISA_USAGE</key>
				<string>YES_ERROR</string>
				<key>CLANG_WARN_EMPTY_BODY</key>
				<string>YES</string>
				<key>CLANG_WARN_ENUM_CONVERSION</key>
				<string>YES</string>
				<key>CLANG_WARN_INT_CONVERSION</key>
				<string>YES</string>
				<key>CLANG_WARN_OBJC_ROOT_CLASS</key>
				<string>YES_ERROR</string>
				<key>CLANG_WARN_UNREACHABLE_CODE</key>
				<string>YES</string>
				<key>CLANG_WARN__DUPLICATE_METHOD_MATCH</key>
				<string>YES</string>
				<key>CODE_SIGN_IDENTITY[sdk=iphoneos*]</key>
				<string>iPhone Developer</string>
				<key>COPY_PHASE_STRIP</key>
				<string>NO</string>
				<key>DEBUG_INFORMATION_FORMAT</key>
				<string>dwarf-with-dsym</string>
				<key>ENABLE_NS_ASSERTIONS</key>
				<string>NO</string>
				<key>ENABLE_STRICT_OBJC_MSGSEND</key>
				<string>YES</string>
				<key>GCC_C_LANGUAGE_STANDARD</key>
				<string>gnu99</string>
				<key>GCC_NO_COMMON_BLOCKS</key>
				<string>YES</string>
				<key>GCC_WARN_64_TO_32_BIT_CONVERSION</key>
				<string>YES</string>
				<key>GCC_WARN_ABOUT_RETURN_TYPE</key>
				<string>YES_ERROR</string>
				<key>GCC_WARN_UNDECLARED_SELECTOR</key>
				<string>YES</string>
				<key>GCC_WARN_UNINITIALIZED_AUTOS</key>
				<string>YES_AGGRESSIVE</string>
				<key>GCC_WARN_UNUSED_FUNCTION</key>
				<string>YES</string>
				<key>GCC_WARN_UNUSED_VARIABLE</key>
				<string>YES</string>
				<key>IPHONEOS_DEPLOYMENT_TARGET</key>
				<string>9.3</string>
				<key>MTL_ENABLE_DEBUG_INFO</key>
				<string>NO</string>
				<key>SDKROOT</key>
				<string>iphoneos</string>
				<key>VALIDATE_PRODUCT</key>
				<string>YES</string>
			</dict>
			<key>isa</key>
			<string>XCBuildConfiguration</string>
			<key>name</key>
			<string>Release</string>
		</dict>
		<key>7501E1951CA7BDFB0047B6D0</key>
		<dict>
			<key>buildConfigurations</key>
			<array>
				<string>7501E1961CA7BDFB0047B6D0</string>
				<string>7501E1971CA7BDFB0047B6D0</string>
			</array>
			<key>defaultConfigurationIsVisible</key>
			<string>0</string>
			<key>defaultConfigurationName</key>
			<string>Release</string>
			<key>isa</key>
			<string>XCConfigurationList</string>
		</dict>
		<key>7501E1961CA7BDFB0047B6D0</key>
		<dict>
			<key>baseConfigurationReference</key>
			<string>0D147B0D512A9A222F3727F9</string>
			<key>buildSettings</key>
			<dict>
				<key>ASSETCATALOG_COMPILER_APPICON_NAME</key>
				<string>AppIcon</string>
				<key>CLANG_ENABLE_MODULES</key>
				<string>YES</string>
				<key>INFOPLIST_FILE</key>
				<string>TMR/Info.plist</string>
				<key>LD_RUNPATH_SEARCH_PATHS</key>
				<string>$(inherited) @executable_path/Frameworks</string>
				<key>PRODUCT_BUNDLE_IDENTIFIER</key>
				<string>BTBU.TMR</string>
				<key>PRODUCT_NAME</key>
				<string>$(TARGET_NAME)</string>
				<key>SWIFT_OBJC_BRIDGING_HEADER</key>
				<string>TMR/Class/Other/TMR-Bridging-Header.h</string>
				<key>SWIFT_OPTIMIZATION_LEVEL</key>
				<string>-Onone</string>
			</dict>
			<key>isa</key>
			<string>XCBuildConfiguration</string>
			<key>name</key>
			<string>Debug</string>
		</dict>
		<key>7501E1971CA7BDFB0047B6D0</key>
		<dict>
			<key>baseConfigurationReference</key>
			<string>0C9101593111FE2403F88E22</string>
			<key>buildSettings</key>
			<dict>
				<key>ASSETCATALOG_COMPILER_APPICON_NAME</key>
				<string>AppIcon</string>
				<key>CLANG_ENABLE_MODULES</key>
				<string>YES</string>
				<key>INFOPLIST_FILE</key>
				<string>TMR/Info.plist</string>
				<key>LD_RUNPATH_SEARCH_PATHS</key>
				<string>$(inherited) @executable_path/Frameworks</string>
				<key>PRODUCT_BUNDLE_IDENTIFIER</key>
				<string>BTBU.TMR</string>
				<key>PRODUCT_NAME</key>
				<string>$(TARGET_NAME)</string>
				<key>SWIFT_OBJC_BRIDGING_HEADER</key>
				<string>TMR/Class/Other/TMR-Bridging-Header.h</string>
			</dict>
			<key>isa</key>
			<string>XCBuildConfiguration</string>
			<key>name</key>
			<string>Release</string>
		</dict>
		<key>7501E1981CA7BDFB0047B6D0</key>
		<dict>
			<key>buildConfigurations</key>
			<array>
				<string>7501E1991CA7BDFB0047B6D0</string>
				<string>7501E19A1CA7BDFB0047B6D0</string>
			</array>
			<key>defaultConfigurationIsVisible</key>
			<string>0</string>
			<key>defaultConfigurationName</key>
			<string>Release</string>
			<key>isa</key>
			<string>XCConfigurationList</string>
		</dict>
		<key>7501E1991CA7BDFB0047B6D0</key>
		<dict>
			<key>buildSettings</key>
			<dict>
				<key>BUNDLE_LOADER</key>
				<string>$(TEST_HOST)</string>
				<key>INFOPLIST_FILE</key>
				<string>TMRTests/Info.plist</string>
				<key>LD_RUNPATH_SEARCH_PATHS</key>
				<string>$(inherited) @executable_path/Frameworks @loader_path/Frameworks</string>
				<key>PRODUCT_BUNDLE_IDENTIFIER</key>
				<string>BTBU.TMRTests</string>
				<key>PRODUCT_NAME</key>
				<string>$(TARGET_NAME)</string>
				<key>TEST_HOST</key>
				<string>$(BUILT_PRODUCTS_DIR)/TMR.app/TMR</string>
			</dict>
			<key>isa</key>
			<string>XCBuildConfiguration</string>
			<key>name</key>
			<string>Debug</string>
		</dict>
		<key>7501E19A1CA7BDFB0047B6D0</key>
		<dict>
			<key>buildSettings</key>
			<dict>
				<key>BUNDLE_LOADER</key>
				<string>$(TEST_HOST)</string>
				<key>INFOPLIST_FILE</key>
				<string>TMRTests/Info.plist</string>
				<key>LD_RUNPATH_SEARCH_PATHS</key>
				<string>$(inherited) @executable_path/Frameworks @loader_path/Frameworks</string>
				<key>PRODUCT_BUNDLE_IDENTIFIER</key>
				<string>BTBU.TMRTests</string>
				<key>PRODUCT_NAME</key>
				<string>$(TARGET_NAME)</string>
				<key>TEST_HOST</key>
				<string>$(BUILT_PRODUCTS_DIR)/TMR.app/TMR</string>
			</dict>
			<key>isa</key>
			<string>XCBuildConfiguration</string>
			<key>name</key>
			<string>Release</string>
		</dict>
		<key>7501E19B1CA7BDFB0047B6D0</key>
		<dict>
			<key>buildConfigurations</key>
			<array>
				<string>7501E19C1CA7BDFB0047B6D0</string>
				<string>7501E19D1CA7BDFB0047B6D0</string>
			</array>
			<key>defaultConfigurationIsVisible</key>
			<string>0</string>
			<key>defaultConfigurationName</key>
			<string>Release</string>
			<key>isa</key>
			<string>XCConfigurationList</string>
		</dict>
		<key>7501E19C1CA7BDFB0047B6D0</key>
		<dict>
			<key>buildSettings</key>
			<dict>
				<key>INFOPLIST_FILE</key>
				<string>TMRUITests/Info.plist</string>
				<key>LD_RUNPATH_SEARCH_PATHS</key>
				<string>$(inherited) @executable_path/Frameworks @loader_path/Frameworks</string>
				<key>PRODUCT_BUNDLE_IDENTIFIER</key>
				<string>BTBU.TMRUITests</string>
				<key>PRODUCT_NAME</key>
				<string>$(TARGET_NAME)</string>
				<key>TEST_TARGET_NAME</key>
				<string>TMR</string>
			</dict>
			<key>isa</key>
			<string>XCBuildConfiguration</string>
			<key>name</key>
			<string>Debug</string>
		</dict>
		<key>7501E19D1CA7BDFB0047B6D0</key>
		<dict>
			<key>buildSettings</key>
			<dict>
				<key>INFOPLIST_FILE</key>
				<string>TMRUITests/Info.plist</string>
				<key>LD_RUNPATH_SEARCH_PATHS</key>
				<string>$(inherited) @executable_path/Frameworks @loader_path/Frameworks</string>
				<key>PRODUCT_BUNDLE_IDENTIFIER</key>
				<string>BTBU.TMRUITests</string>
				<key>PRODUCT_NAME</key>
				<string>$(TARGET_NAME)</string>
				<key>TEST_TARGET_NAME</key>
				<string>TMR</string>
			</dict>
			<key>isa</key>
			<string>XCBuildConfiguration</string>
			<key>name</key>
			<string>Release</string>
		</dict>
		<key>7543FB9F1CA9673D0041228D</key>
		<dict>
			<key>fileEncoding</key>
			<string>4</string>
			<key>isa</key>
			<string>PBXFileReference</string>
			<key>lastKnownFileType</key>
			<string>sourcecode.swift</string>
			<key>path</key>
			<string>TMRCattleManage.swift</string>
			<key>sourceTree</key>
			<string>&lt;group&gt;</string>
		</dict>
		<key>7543FBA01CA9673D0041228D</key>
		<dict>
			<key>fileEncoding</key>
			<string>4</string>
			<key>isa</key>
			<string>PBXFileReference</string>
			<key>lastKnownFileType</key>
			<string>file.xib</string>
			<key>path</key>
			<string>TMRCattleManage.xib</string>
			<key>sourceTree</key>
			<string>&lt;group&gt;</string>
		</dict>
		<key>7543FBA11CA9673D0041228D</key>
		<dict>
			<key>fileRef</key>
			<string>7543FB9F1CA9673D0041228D</string>
			<key>isa</key>
			<string>PBXBuildFile</string>
		</dict>
		<key>7543FBA21CA9673D0041228D</key>
		<dict>
			<key>fileRef</key>
			<string>7543FBA01CA9673D0041228D</string>
			<key>isa</key>
			<string>PBXBuildFile</string>
		</dict>
		<key>7543FBA31CA96B0A0041228D</key>
		<dict>
			<key>fileEncoding</key>
			<string>4</string>
			<key>isa</key>
			<string>PBXFileReference</string>
			<key>lastKnownFileType</key>
			<string>sourcecode.swift</string>
			<key>path</key>
			<string>CattleManageCell.swift</string>
			<key>sourceTree</key>
			<string>&lt;group&gt;</string>
		</dict>
		<key>7543FBA41CA96B0A0041228D</key>
		<dict>
			<key>fileEncoding</key>
			<string>4</string>
			<key>isa</key>
			<string>PBXFileReference</string>
			<key>lastKnownFileType</key>
			<string>file.xib</string>
			<key>path</key>
			<string>CattleManageCell.xib</string>
			<key>sourceTree</key>
			<string>&lt;group&gt;</string>
		</dict>
		<key>7543FBA51CA96B0A0041228D</key>
		<dict>
			<key>fileRef</key>
			<string>7543FBA31CA96B0A0041228D</string>
			<key>isa</key>
			<string>PBXBuildFile</string>
		</dict>
		<key>7543FBA61CA96B0A0041228D</key>
		<dict>
			<key>fileRef</key>
			<string>7543FBA41CA96B0A0041228D</string>
			<key>isa</key>
			<string>PBXBuildFile</string>
		</dict>
		<key>7543FBA71CA9794D0041228D</key>
		<dict>
			<key>fileEncoding</key>
			<string>4</string>
			<key>isa</key>
			<string>PBXFileReference</string>
			<key>lastKnownFileType</key>
			<string>sourcecode.swift</string>
			<key>path</key>
			<string>CattleView.swift</string>
			<key>sourceTree</key>
			<string>&lt;group&gt;</string>
		</dict>
		<key>7543FBA81CA9794D0041228D</key>
		<dict>
			<key>fileRef</key>
			<string>7543FBA71CA9794D0041228D</string>
			<key>isa</key>
			<string>PBXBuildFile</string>
		</dict>
		<key>7543FBA91CA9795C0041228D</key>
		<dict>
			<key>fileEncoding</key>
			<string>4</string>
			<key>isa</key>
			<string>PBXFileReference</string>
			<key>lastKnownFileType</key>
			<string>file.xib</string>
			<key>path</key>
			<string>CattleView.xib</string>
			<key>sourceTree</key>
			<string>&lt;group&gt;</string>
		</dict>
		<key>7543FBAA1CA9795C0041228D</key>
		<dict>
			<key>fileRef</key>
			<string>7543FBA91CA9795C0041228D</string>
			<key>isa</key>
			<string>PBXBuildFile</string>
		</dict>
		<key>755B242B1CA8200000ECC369</key>
		<dict>
			<key>isa</key>
			<string>PBXFileReference</string>
			<key>lastKnownFileType</key>
			<string>sourcecode.c.h</string>
			<key>path</key>
			<string>TMR-Bridging-Header.h</string>
			<key>sourceTree</key>
			<string>&lt;group&gt;</string>
		</dict>
		<key>755B242E1CA820E600ECC369</key>
		<dict>
			<key>children</key>
			<array>
				<string>755B242F1CA820E600ECC369</string>
			</array>
			<key>isa</key>
			<string>PBXGroup</string>
			<key>path</key>
			<string>Lib</string>
			<key>sourceTree</key>
			<string>&lt;group&gt;</string>
		</dict>
		<key>755B242F1CA820E600ECC369</key>
		<dict>
			<key>children</key>
			<array>
				<string>755B24321CA8213600ECC369</string>
			</array>
			<key>isa</key>
			<string>PBXGroup</string>
			<key>path</key>
			<string>SQLite</string>
			<key>sourceTree</key>
			<string>&lt;group&gt;</string>
		</dict>
		<key>755B24321CA8213600ECC369</key>
		<dict>
			<key>fileEncoding</key>
			<string>4</string>
			<key>isa</key>
			<string>PBXFileReference</string>
			<key>lastKnownFileType</key>
			<string>sourcecode.swift</string>
			<key>path</key>
			<string>TMRSQLite.swift</string>
			<key>sourceTree</key>
			<string>&lt;group&gt;</string>
		</dict>
		<key>755B24331CA8213600ECC369</key>
		<dict>
			<key>fileRef</key>
			<string>755B24321CA8213600ECC369</string>
			<key>isa</key>
			<string>PBXBuildFile</string>
		</dict>
		<key>755B24701CA82ADF00ECC369</key>
		<dict>
			<key>isa</key>
			<string>PBXFileReference</string>
			<key>lastKnownFileType</key>
			<string>sourcecode.text-based-dylib-definition</string>
			<key>name</key>
			<string>libsqlite3.0.tbd</string>
			<key>path</key>
			<string>usr/lib/libsqlite3.0.tbd</string>
			<key>sourceTree</key>
			<string>SDKROOT</string>
		</dict>
		<key>755B24711CA82ADF00ECC369</key>
		<dict>
			<key>fileRef</key>
			<string>755B24701CA82ADF00ECC369</string>
			<key>isa</key>
			<string>PBXBuildFile</string>
		</dict>
		<key>755C96E61CA8D87900C83667</key>
		<dict>
			<key>fileEncoding</key>
			<string>4</string>
			<key>isa</key>
			<string>PBXFileReference</string>
			<key>lastKnownFileType</key>
			<string>sourcecode.swift</string>
			<key>path</key>
			<string>TMRForageManage.swift</string>
			<key>sourceTree</key>
			<string>&lt;group&gt;</string>
		</dict>
		<key>755C96E71CA8D87900C83667</key>
		<dict>
			<key>fileEncoding</key>
			<string>4</string>
			<key>isa</key>
			<string>PBXFileReference</string>
			<key>lastKnownFileType</key>
			<string>file.xib</string>
			<key>path</key>
			<string>TMRForageManage.xib</string>
			<key>sourceTree</key>
			<string>&lt;group&gt;</string>
		</dict>
		<key>755C96E81CA8D87900C83667</key>
		<dict>
			<key>fileRef</key>
			<string>755C96E61CA8D87900C83667</string>
			<key>isa</key>
			<string>PBXBuildFile</string>
		</dict>
		<key>755C96E91CA8D87900C83667</key>
		<dict>
			<key>fileRef</key>
			<string>755C96E71CA8D87900C83667</string>
			<key>isa</key>
			<string>PBXBuildFile</string>
		</dict>
		<key>755C96EA1CA8DC0600C83667</key>
		<dict>
			<key>children</key>
			<array>
				<string>755C96EB1CA8DC0600C83667</string>
			</array>
			<key>isa</key>
			<string>PBXGroup</string>
			<key>path</key>
			<string>IconResources</string>
			<key>sourceTree</key>
			<string>&lt;group&gt;</string>
		</dict>
		<key>755C96EB1CA8DC0600C83667</key>
		<dict>
			<key>children</key>
			<array>
				<string>755C96EC1CA8DC0600C83667</string>
				<string>755C96ED1CA8DC0600C83667</string>
				<string>755C96EE1CA8DC0600C83667</string>
				<string>755C96EF1CA8DC0600C83667</string>
				<string>755C96F01CA8DC0600C83667</string>
				<string>755C96F11CA8DC0600C83667</string>
				<string>755C96F21CA8DC0600C83667</string>
				<string>755C96F31CA8DC0600C83667</string>
				<string>755C96F41CA8DC0600C83667</string>
			</array>
			<key>isa</key>
			<string>PBXGroup</string>
			<key>path</key>
			<string>back</string>
			<key>sourceTree</key>
			<string>&lt;group&gt;</string>
		</dict>
		<key>755C96EC1CA8DC0600C83667</key>
		<dict>
			<key>isa</key>
			<string>PBXFileReference</string>
			<key>lastKnownFileType</key>
			<string>image.png</string>
			<key>path</key>
			<string>return_black.png</string>
			<key>sourceTree</key>
			<string>&lt;group&gt;</string>
		</dict>
		<key>755C96ED1CA8DC0600C83667</key>
		<dict>
			<key>isa</key>
			<string>PBXFileReference</string>
			<key>lastKnownFileType</key>
			<string>image.png</string>
			<key>path</key>
			<string>return_black@2x.png</string>
			<key>sourceTree</key>
			<string>&lt;group&gt;</string>
		</dict>
		<key>755C96EE1CA8DC0600C83667</key>
		<dict>
			<key>isa</key>
			<string>PBXFileReference</string>
			<key>lastKnownFileType</key>
			<string>image.png</string>
			<key>path</key>
			<string>return_black@3x.png</string>
			<key>sourceTree</key>
			<string>&lt;group&gt;</string>
		</dict>
		<key>755C96EF1CA8DC0600C83667</key>
		<dict>
			<key>isa</key>
			<string>PBXFileReference</string>
			<key>lastKnownFileType</key>
			<string>image.png</string>
			<key>path</key>
			<string>return_gray.png</string>
			<key>sourceTree</key>
			<string>&lt;group&gt;</string>
		</dict>
		<key>755C96F01CA8DC0600C83667</key>
		<dict>
			<key>isa</key>
			<string>PBXFileReference</string>
			<key>lastKnownFileType</key>
			<string>image.png</string>
			<key>path</key>
			<string>return_gray@2x.png</string>
			<key>sourceTree</key>
			<string>&lt;group&gt;</string>
		</dict>
		<key>755C96F11CA8DC0600C83667</key>
		<dict>
			<key>isa</key>
			<string>PBXFileReference</string>
			<key>lastKnownFileType</key>
			<string>image.png</string>
			<key>path</key>
			<string>return_gray@3x.png</string>
			<key>sourceTree</key>
			<string>&lt;group&gt;</string>
		</dict>
		<key>755C96F21CA8DC0600C83667</key>
		<dict>
			<key>isa</key>
			<string>PBXFileReference</string>
			<key>lastKnownFileType</key>
			<string>image.png</string>
			<key>path</key>
			<string>return_white.png</string>
			<key>sourceTree</key>
			<string>&lt;group&gt;</string>
		</dict>
		<key>755C96F31CA8DC0600C83667</key>
		<dict>
			<key>isa</key>
			<string>PBXFileReference</string>
			<key>lastKnownFileType</key>
			<string>image.png</string>
			<key>path</key>
			<string>return_white@2x.png</string>
			<key>sourceTree</key>
			<string>&lt;group&gt;</string>
		</dict>
		<key>755C96F41CA8DC0600C83667</key>
		<dict>
			<key>isa</key>
			<string>PBXFileReference</string>
			<key>lastKnownFileType</key>
			<string>image.png</string>
			<key>path</key>
			<string>return_white@3x.png</string>
			<key>sourceTree</key>
			<string>&lt;group&gt;</string>
		</dict>
		<key>755C96F51CA8DC0600C83667</key>
		<dict>
			<key>fileRef</key>
			<string>755C96EC1CA8DC0600C83667</string>
			<key>isa</key>
			<string>PBXBuildFile</string>
		</dict>
		<key>755C96F61CA8DC0600C83667</key>
		<dict>
			<key>fileRef</key>
			<string>755C96ED1CA8DC0600C83667</string>
			<key>isa</key>
			<string>PBXBuildFile</string>
		</dict>
		<key>755C96F71CA8DC0600C83667</key>
		<dict>
			<key>fileRef</key>
			<string>755C96EE1CA8DC0600C83667</string>
			<key>isa</key>
			<string>PBXBuildFile</string>
		</dict>
		<key>755C96F81CA8DC0600C83667</key>
		<dict>
			<key>fileRef</key>
			<string>755C96EF1CA8DC0600C83667</string>
			<key>isa</key>
			<string>PBXBuildFile</string>
		</dict>
		<key>755C96F91CA8DC0600C83667</key>
		<dict>
			<key>fileRef</key>
			<string>755C96F01CA8DC0600C83667</string>
			<key>isa</key>
			<string>PBXBuildFile</string>
		</dict>
		<key>755C96FA1CA8DC0600C83667</key>
		<dict>
			<key>fileRef</key>
			<string>755C96F11CA8DC0600C83667</string>
			<key>isa</key>
			<string>PBXBuildFile</string>
		</dict>
		<key>755C96FB1CA8DC0600C83667</key>
		<dict>
			<key>fileRef</key>
			<string>755C96F21CA8DC0600C83667</string>
			<key>isa</key>
			<string>PBXBuildFile</string>
		</dict>
		<key>755C96FC1CA8DC0600C83667</key>
		<dict>
			<key>fileRef</key>
			<string>755C96F31CA8DC0600C83667</string>
			<key>isa</key>
			<string>PBXBuildFile</string>
		</dict>
		<key>755C96FD1CA8DC0600C83667</key>
		<dict>
			<key>fileRef</key>
			<string>755C96F41CA8DC0600C83667</string>
			<key>isa</key>
			<string>PBXBuildFile</string>
		</dict>
		<key>755C96FE1CA8E0F600C83667</key>
		<dict>
			<key>fileEncoding</key>
			<string>4</string>
			<key>isa</key>
			<string>PBXFileReference</string>
			<key>lastKnownFileType</key>
			<string>sourcecode.swift</string>
			<key>path</key>
			<string>TMRNavigationController.swift</string>
			<key>sourceTree</key>
			<string>&lt;group&gt;</string>
		</dict>
		<key>755C96FF1CA8E0F600C83667</key>
		<dict>
			<key>fileRef</key>
			<string>755C96FE1CA8E0F600C83667</string>
			<key>isa</key>
			<string>PBXBuildFile</string>
		</dict>
		<key>755C97001CA8E1DC00C83667</key>
		<dict>
			<key>children</key>
			<array>
				<string>755C97011CA8E21600C83667</string>
			</array>
			<key>isa</key>
			<string>PBXGroup</string>
			<key>path</key>
			<string>extension</string>
			<key>sourceTree</key>
			<string>&lt;group&gt;</string>
		</dict>
		<key>755C97011CA8E21600C83667</key>
		<dict>
			<key>fileEncoding</key>
			<string>4</string>
			<key>isa</key>
			<string>PBXFileReference</string>
			<key>lastKnownFileType</key>
			<string>sourcecode.swift</string>
			<key>path</key>
			<string>Controller.swift</string>
			<key>sourceTree</key>
			<string>&lt;group&gt;</string>
		</dict>
		<key>755C97021CA8E21600C83667</key>
		<dict>
			<key>fileRef</key>
			<string>755C97011CA8E21600C83667</string>
			<key>isa</key>
			<string>PBXBuildFile</string>
		</dict>
		<key>755C97031CA8E34400C83667</key>
		<dict>
			<key>fileEncoding</key>
			<string>4</string>
			<key>isa</key>
			<string>PBXFileReference</string>
			<key>lastKnownFileType</key>
			<string>sourcecode.swift</string>
			<key>path</key>
			<string>TMRBaseViewController.swift</string>
			<key>sourceTree</key>
			<string>&lt;group&gt;</string>
		</dict>
		<key>755C97041CA8E34400C83667</key>
		<dict>
			<key>fileRef</key>
			<string>755C97031CA8E34400C83667</string>
			<key>isa</key>
			<string>PBXBuildFile</string>
		</dict>
		<key>7563B3B81CA7CCAE00BC84BB</key>
		<dict>
			<key>children</key>
			<array>
				<string>7563B3B91CA7CCAE00BC84BB</string>
				<string>7563B3BA1CA7CCAE00BC84BB</string>
				<string>7563B3BE1CA7CCAE00BC84BB</string>
				<string>7563B3BF1CA7CCAE00BC84BB</string>
				<string>7563B3C31CA7CCAE00BC84BB</string>
				<string>7563B3C71CA7CCAE00BC84BB</string>
			</array>
			<key>isa</key>
			<string>PBXGroup</string>
			<key>path</key>
			<string>Class</string>
			<key>sourceTree</key>
			<string>&lt;group&gt;</string>
		</dict>
		<key>7563B3B91CA7CCAE00BC84BB</key>
		<dict>
			<key>children</key>
			<array>
				<string>75C9A9BD1CA8C87600F95090</string>
				<string>7563B3D91CA7CF4300BC84BB</string>
				<string>755C96FE1CA8E0F600C83667</string>
				<string>755C97031CA8E34400C83667</string>
			</array>
			<key>isa</key>
			<string>PBXGroup</string>
			<key>path</key>
			<string>Main</string>
			<key>sourceTree</key>
			<string>&lt;group&gt;</string>
		</dict>
		<key>7563B3BA1CA7CCAE00BC84BB</key>
		<dict>
			<key>children</key>
			<array>
				<string>7563B3BB1CA7CCAE00BC84BB</string>
				<string>7563B3BC1CA7CCAE00BC84BB</string>
				<string>7563B3BD1CA7CCAE00BC84BB</string>
			</array>
			<key>isa</key>
			<string>PBXGroup</string>
			<key>path</key>
			<string>Network</string>
			<key>sourceTree</key>
			<string>&lt;group&gt;</string>
		</dict>
		<key>7563B3BB1CA7CCAE00BC84BB</key>
		<dict>
			<key>children</key>
			<array>
				<string>7563B3D51CA7CDA200BC84BB</string>
				<string>7563B3D61CA7CDA200BC84BB</string>
			</array>
			<key>isa</key>
			<string>PBXGroup</string>
			<key>path</key>
			<string>Controller</string>
			<key>sourceTree</key>
			<string>&lt;group&gt;</string>
		</dict>
		<key>7563B3BC1CA7CCAE00BC84BB</key>
		<dict>
			<key>children</key>
			<array/>
			<key>isa</key>
			<string>PBXGroup</string>
			<key>path</key>
			<string>Model</string>
			<key>sourceTree</key>
			<string>&lt;group&gt;</string>
		</dict>
		<key>7563B3BD1CA7CCAE00BC84BB</key>
		<dict>
			<key>children</key>
			<array/>
			<key>isa</key>
			<string>PBXGroup</string>
			<key>path</key>
			<string>View</string>
			<key>sourceTree</key>
			<string>&lt;group&gt;</string>
		</dict>
		<key>7563B3BE1CA7CCAE00BC84BB</key>
		<dict>
			<key>children</key>
			<array>
				<string>755C97001CA8E1DC00C83667</string>
				<string>755B242E1CA820E600ECC369</string>
				<string>755B242B1CA8200000ECC369</string>
			</array>
			<key>isa</key>
			<string>PBXGroup</string>
			<key>path</key>
			<string>Other</string>
			<key>sourceTree</key>
			<string>&lt;group&gt;</string>
		</dict>
		<key>7563B3BF1CA7CCAE00BC84BB</key>
		<dict>
			<key>children</key>
			<array>
				<string>7563B3C01CA7CCAE00BC84BB</string>
				<string>7563B3C11CA7CCAE00BC84BB</string>
				<string>7563B3C21CA7CCAE00BC84BB</string>
			</array>
			<key>isa</key>
			<string>PBXGroup</string>
			<key>path</key>
			<string>Processed</string>
			<key>sourceTree</key>
			<string>&lt;group&gt;</string>
		</dict>
		<key>7563B3C01CA7CCAE00BC84BB</key>
		<dict>
			<key>children</key>
			<array>
				<string>7563B3CD1CA7CD4200BC84BB</string>
			</array>
			<key>isa</key>
			<string>PBXGroup</string>
			<key>path</key>
			<string>Controller</string>
			<key>sourceTree</key>
			<string>&lt;group&gt;</string>
		</dict>
		<key>7563B3C11CA7CCAE00BC84BB</key>
		<dict>
			<key>children</key>
			<array/>
			<key>isa</key>
			<string>PBXGroup</string>
			<key>path</key>
			<string>Model</string>
			<key>sourceTree</key>
			<string>&lt;group&gt;</string>
		</dict>
		<key>7563B3C21CA7CCAE00BC84BB</key>
		<dict>
			<key>children</key>
			<array/>
			<key>isa</key>
			<string>PBXGroup</string>
			<key>path</key>
			<string>View</string>
			<key>sourceTree</key>
			<string>&lt;group&gt;</string>
		</dict>
		<key>7563B3C31CA7CCAE00BC84BB</key>
		<dict>
			<key>children</key>
			<array>
				<string>7563B3C41CA7CCAE00BC84BB</string>
				<string>7563B3C51CA7CCAE00BC84BB</string>
				<string>7563B3C61CA7CCAE00BC84BB</string>
			</array>
			<key>isa</key>
			<string>PBXGroup</string>
			<key>path</key>
			<string>Processing</string>
			<key>sourceTree</key>
			<string>&lt;group&gt;</string>
		</dict>
		<key>7563B3C41CA7CCAE00BC84BB</key>
		<dict>
			<key>children</key>
			<array>
				<string>7563B3CB1CA7CCFF00BC84BB</string>
			</array>
			<key>isa</key>
			<string>PBXGroup</string>
			<key>path</key>
			<string>Controller</string>
			<key>sourceTree</key>
			<string>&lt;group&gt;</string>
		</dict>
		<key>7563B3C51CA7CCAE00BC84BB</key>
		<dict>
			<key>children</key>
			<array/>
			<key>isa</key>
			<string>PBXGroup</string>
			<key>path</key>
			<string>Model</string>
			<key>sourceTree</key>
			<string>&lt;group&gt;</string>
		</dict>
		<key>7563B3C61CA7CCAE00BC84BB</key>
		<dict>
			<key>children</key>
			<array/>
			<key>isa</key>
			<string>PBXGroup</string>
			<key>path</key>
			<string>View</string>
			<key>sourceTree</key>
			<string>&lt;group&gt;</string>
		</dict>
		<key>7563B3C71CA7CCAE00BC84BB</key>
		<dict>
			<key>children</key>
			<array>
				<string>7563B3C81CA7CCAE00BC84BB</string>
				<string>7563B3C91CA7CCAE00BC84BB</string>
				<string>7563B3CA1CA7CCAE00BC84BB</string>
			</array>
			<key>isa</key>
			<string>PBXGroup</string>
			<key>path</key>
			<string>Worksheet</string>
			<key>sourceTree</key>
			<string>&lt;group&gt;</string>
		</dict>
		<key>7563B3C81CA7CCAE00BC84BB</key>
		<dict>
			<key>children</key>
			<array>
				<string>7563B3D11CA7CD8700BC84BB</string>
				<string>7563B3D21CA7CD8700BC84BB</string>
				<string>755C96E61CA8D87900C83667</string>
				<string>755C96E71CA8D87900C83667</string>
				<string>7543FB9F1CA9673D0041228D</string>
				<string>7543FBA01CA9673D0041228D</string>
				<string>75E369E31CAA2CA000263D6D</string>
				<string>75E369E41CAA2CA000263D6D</string>
				<string>759D4AFA1CACAEA300B103A5</string>
				<string>759D4AFB1CACAEA300B103A5</string>
				<string>759D4AFE1CACAEC100B103A5</string>
				<string>759D4AFF1CACAEC100B103A5</string>
			</array>
			<key>isa</key>
			<string>PBXGroup</string>
			<key>path</key>
			<string>Controller</string>
			<key>sourceTree</key>
			<string>&lt;group&gt;</string>
		</dict>
		<key>7563B3C91CA7CCAE00BC84BB</key>
		<dict>
			<key>children</key>
			<array/>
			<key>isa</key>
			<string>PBXGroup</string>
			<key>path</key>
			<string>Model</string>
			<key>sourceTree</key>
			<string>&lt;group&gt;</string>
		</dict>
		<key>7563B3CA1CA7CCAE00BC84BB</key>
		<dict>
			<key>children</key>
			<array>
				<string>7595C4171CA913D0000EECAB</string>
				<string>7595C4181CA913D0000EECAB</string>
				<string>7595C41B1CA91962000EECAB</string>
				<string>7595C41D1CA91987000EECAB</string>
				<string>7543FBA31CA96B0A0041228D</string>
				<string>7543FBA41CA96B0A0041228D</string>
				<string>7543FBA71CA9794D0041228D</string>
				<string>7543FBA91CA9795C0041228D</string>
				<string>75E369E71CAA360400263D6D</string>
				<string>75E369E81CAA360400263D6D</string>
				<string>75D168651CAAD4A000BAE849</string>
				<string>75D168691CAAD66000BAE849</string>
				<string>75D1686A1CAAD66000BAE849</string>
				<string>759D4B021CACB27800B103A5</string>
				<string>759D4B031CACB27800B103A5</string>
			</array>
			<key>isa</key>
			<string>PBXGroup</string>
			<key>path</key>
			<string>View</string>
			<key>sourceTree</key>
			<string>&lt;group&gt;</string>
		</dict>
		<key>7563B3CB1CA7CCFF00BC84BB</key>
		<dict>
			<key>fileEncoding</key>
			<string>4</string>
			<key>isa</key>
			<string>PBXFileReference</string>
			<key>lastKnownFileType</key>
			<string>sourcecode.swift</string>
			<key>path</key>
			<string>TMRProcessing.swift</string>
			<key>sourceTree</key>
			<string>&lt;group&gt;</string>
		</dict>
		<key>7563B3CC1CA7CCFF00BC84BB</key>
		<dict>
			<key>fileRef</key>
			<string>7563B3CB1CA7CCFF00BC84BB</string>
			<key>isa</key>
			<string>PBXBuildFile</string>
		</dict>
		<key>7563B3CD1CA7CD4200BC84BB</key>
		<dict>
			<key>fileEncoding</key>
			<string>4</string>
			<key>isa</key>
			<string>PBXFileReference</string>
			<key>lastKnownFileType</key>
			<string>sourcecode.swift</string>
			<key>path</key>
			<string>TMRProcessed.swift</string>
			<key>sourceTree</key>
			<string>&lt;group&gt;</string>
		</dict>
		<key>7563B3CE1CA7CD4200BC84BB</key>
		<dict>
			<key>fileRef</key>
			<string>7563B3CD1CA7CD4200BC84BB</string>
			<key>isa</key>
			<string>PBXBuildFile</string>
		</dict>
		<key>7563B3D11CA7CD8700BC84BB</key>
		<dict>
			<key>fileEncoding</key>
			<string>4</string>
			<key>isa</key>
			<string>PBXFileReference</string>
			<key>lastKnownFileType</key>
			<string>sourcecode.swift</string>
			<key>path</key>
			<string>TMRWorksheet.swift</string>
			<key>sourceTree</key>
			<string>&lt;group&gt;</string>
		</dict>
		<key>7563B3D21CA7CD8700BC84BB</key>
		<dict>
			<key>fileEncoding</key>
			<string>4</string>
			<key>isa</key>
			<string>PBXFileReference</string>
			<key>lastKnownFileType</key>
			<string>file.xib</string>
			<key>path</key>
			<string>TMRWorksheet.xib</string>
			<key>sourceTree</key>
			<string>&lt;group&gt;</string>
		</dict>
		<key>7563B3D31CA7CD8700BC84BB</key>
		<dict>
			<key>fileRef</key>
			<string>7563B3D11CA7CD8700BC84BB</string>
			<key>isa</key>
			<string>PBXBuildFile</string>
		</dict>
		<key>7563B3D41CA7CD8700BC84BB</key>
		<dict>
			<key>fileRef</key>
			<string>7563B3D21CA7CD8700BC84BB</string>
			<key>isa</key>
			<string>PBXBuildFile</string>
		</dict>
		<key>7563B3D51CA7CDA200BC84BB</key>
		<dict>
			<key>fileEncoding</key>
			<string>4</string>
			<key>isa</key>
			<string>PBXFileReference</string>
			<key>lastKnownFileType</key>
			<string>sourcecode.swift</string>
			<key>path</key>
			<string>TMRNetwork.swift</string>
			<key>sourceTree</key>
			<string>&lt;group&gt;</string>
		</dict>
		<key>7563B3D61CA7CDA200BC84BB</key>
		<dict>
			<key>fileEncoding</key>
			<string>4</string>
			<key>isa</key>
			<string>PBXFileReference</string>
			<key>lastKnownFileType</key>
			<string>file.xib</string>
			<key>path</key>
			<string>TMRNetwork.xib</string>
			<key>sourceTree</key>
			<string>&lt;group&gt;</string>
		</dict>
		<key>7563B3D71CA7CDA200BC84BB</key>
		<dict>
			<key>fileRef</key>
			<string>7563B3D51CA7CDA200BC84BB</string>
			<key>isa</key>
			<string>PBXBuildFile</string>
		</dict>
		<key>7563B3D81CA7CDA200BC84BB</key>
		<dict>
			<key>fileRef</key>
			<string>7563B3D61CA7CDA200BC84BB</string>
			<key>isa</key>
			<string>PBXBuildFile</string>
		</dict>
		<key>7563B3D91CA7CF4300BC84BB</key>
		<dict>
			<key>fileEncoding</key>
			<string>4</string>
			<key>isa</key>
			<string>PBXFileReference</string>
			<key>lastKnownFileType</key>
			<string>sourcecode.swift</string>
			<key>path</key>
			<string>GlobalValue.swift</string>
			<key>sourceTree</key>
			<string>&lt;group&gt;</string>
		</dict>
		<key>7563B3DA1CA7CF4300BC84BB</key>
		<dict>
			<key>fileRef</key>
			<string>7563B3D91CA7CF4300BC84BB</string>
			<key>isa</key>
			<string>PBXBuildFile</string>
		</dict>
		<key>7595C4171CA913D0000EECAB</key>
		<dict>
			<key>fileEncoding</key>
			<string>4</string>
			<key>isa</key>
			<string>PBXFileReference</string>
			<key>lastKnownFileType</key>
			<string>sourcecode.swift</string>
			<key>path</key>
			<string>ForageManageCell.swift</string>
			<key>sourceTree</key>
			<string>&lt;group&gt;</string>
		</dict>
		<key>7595C4181CA913D0000EECAB</key>
		<dict>
			<key>fileEncoding</key>
			<string>4</string>
			<key>isa</key>
			<string>PBXFileReference</string>
			<key>lastKnownFileType</key>
			<string>file.xib</string>
			<key>path</key>
			<string>ForageManageCell.xib</string>
			<key>sourceTree</key>
			<string>&lt;group&gt;</string>
		</dict>
		<key>7595C4191CA913D0000EECAB</key>
		<dict>
			<key>fileRef</key>
			<string>7595C4171CA913D0000EECAB</string>
			<key>isa</key>
			<string>PBXBuildFile</string>
		</dict>
		<key>7595C41A1CA913D0000EECAB</key>
		<dict>
			<key>fileRef</key>
			<string>7595C4181CA913D0000EECAB</string>
			<key>isa</key>
			<string>PBXBuildFile</string>
		</dict>
		<key>7595C41B1CA91962000EECAB</key>
		<dict>
			<key>fileEncoding</key>
			<string>4</string>
			<key>isa</key>
			<string>PBXFileReference</string>
			<key>lastKnownFileType</key>
			<string>sourcecode.swift</string>
			<key>path</key>
			<string>ForageAddView.swift</string>
			<key>sourceTree</key>
			<string>&lt;group&gt;</string>
		</dict>
		<key>7595C41C1CA91962000EECAB</key>
		<dict>
			<key>fileRef</key>
			<string>7595C41B1CA91962000EECAB</string>
			<key>isa</key>
			<string>PBXBuildFile</string>
		</dict>
		<key>7595C41D1CA91987000EECAB</key>
		<dict>
			<key>fileEncoding</key>
			<string>4</string>
			<key>isa</key>
			<string>PBXFileReference</string>
			<key>lastKnownFileType</key>
			<string>file.xib</string>
			<key>path</key>
			<string>ForageAddView.xib</string>
			<key>sourceTree</key>
			<string>&lt;group&gt;</string>
		</dict>
		<key>7595C41E1CA91987000EECAB</key>
		<dict>
			<key>fileRef</key>
			<string>7595C41D1CA91987000EECAB</string>
			<key>isa</key>
			<string>PBXBuildFile</string>
		</dict>
		<key>759D4AFA1CACAEA300B103A5</key>
		<dict>
			<key>fileEncoding</key>
			<string>4</string>
			<key>isa</key>
			<string>PBXFileReference</string>
			<key>lastKnownFileType</key>
			<string>sourcecode.swift</string>
			<key>path</key>
			<string>TMRFoundationMake.swift</string>
			<key>sourceTree</key>
			<string>&lt;group&gt;</string>
		</dict>
		<key>759D4AFB1CACAEA300B103A5</key>
		<dict>
			<key>fileEncoding</key>
			<string>4</string>
			<key>isa</key>
			<string>PBXFileReference</string>
			<key>lastKnownFileType</key>
			<string>file.xib</string>
			<key>path</key>
			<string>TMRFoundationMake.xib</string>
			<key>sourceTree</key>
			<string>&lt;group&gt;</string>
		</dict>
		<key>759D4AFC1CACAEA300B103A5</key>
		<dict>
			<key>fileRef</key>
			<string>759D4AFA1CACAEA300B103A5</string>
			<key>isa</key>
			<string>PBXBuildFile</string>
		</dict>
		<key>759D4AFD1CACAEA300B103A5</key>
		<dict>
			<key>fileRef</key>
			<string>759D4AFB1CACAEA300B103A5</string>
			<key>isa</key>
			<string>PBXBuildFile</string>
		</dict>
		<key>759D4AFE1CACAEC100B103A5</key>
		<dict>
			<key>fileEncoding</key>
			<string>4</string>
			<key>isa</key>
			<string>PBXFileReference</string>
			<key>lastKnownFileType</key>
			<string>sourcecode.swift</string>
			<key>path</key>
			<string>TMRWorksheetMake.swift</string>
			<key>sourceTree</key>
			<string>&lt;group&gt;</string>
		</dict>
		<key>759D4AFF1CACAEC100B103A5</key>
		<dict>
			<key>fileEncoding</key>
			<string>4</string>
			<key>isa</key>
			<string>PBXFileReference</string>
			<key>lastKnownFileType</key>
			<string>file.xib</string>
			<key>path</key>
			<string>TMRWorksheetMake.xib</string>
			<key>sourceTree</key>
			<string>&lt;group&gt;</string>
		</dict>
		<key>759D4B001CACAEC100B103A5</key>
		<dict>
			<key>fileRef</key>
			<string>759D4AFE1CACAEC100B103A5</string>
			<key>isa</key>
			<string>PBXBuildFile</string>
		</dict>
		<key>759D4B011CACAEC100B103A5</key>
		<dict>
			<key>fileRef</key>
			<string>759D4AFF1CACAEC100B103A5</string>
			<key>isa</key>
			<string>PBXBuildFile</string>
		</dict>
		<key>759D4B021CACB27800B103A5</key>
		<dict>
			<key>fileEncoding</key>
			<string>4</string>
			<key>isa</key>
			<string>PBXFileReference</string>
			<key>lastKnownFileType</key>
			<string>sourcecode.swift</string>
			<key>path</key>
			<string>TMRFoundationMakeCell.swift</string>
			<key>sourceTree</key>
			<string>&lt;group&gt;</string>
		</dict>
		<key>759D4B031CACB27800B103A5</key>
		<dict>
			<key>fileEncoding</key>
			<string>4</string>
			<key>isa</key>
			<string>PBXFileReference</string>
			<key>lastKnownFileType</key>
			<string>file.xib</string>
			<key>path</key>
			<string>TMRFoundationMakeCell.xib</string>
			<key>sourceTree</key>
			<string>&lt;group&gt;</string>
		</dict>
		<key>759D4B041CACB27800B103A5</key>
		<dict>
			<key>fileRef</key>
			<string>759D4B021CACB27800B103A5</string>
			<key>isa</key>
			<string>PBXBuildFile</string>
		</dict>
		<key>759D4B051CACB27800B103A5</key>
		<dict>
			<key>fileRef</key>
			<string>759D4B031CACB27800B103A5</string>
			<key>isa</key>
			<string>PBXBuildFile</string>
		</dict>
		<key>75C9A9BD1CA8C87600F95090</key>
		<dict>
			<key>children</key>
			<array>
				<string>75C9A9BE1CA8C89B00F95090</string>
				<string>75C9A9C01CA8C8BF00F95090</string>
				<string>75C9A9C21CA8C8DD00F95090</string>
				<string>75C9A9C41CA8C8F300F95090</string>
			</array>
			<key>isa</key>
			<string>PBXGroup</string>
			<key>path</key>
			<string>Model</string>
			<key>sourceTree</key>
			<string>&lt;group&gt;</string>
		</dict>
		<key>75C9A9BE1CA8C89B00F95090</key>
		<dict>
			<key>fileEncoding</key>
			<string>4</string>
			<key>isa</key>
			<string>PBXFileReference</string>
			<key>lastKnownFileType</key>
			<string>sourcecode.swift</string>
			<key>path</key>
			<string>Worksheet.swift</string>
			<key>sourceTree</key>
			<string>&lt;group&gt;</string>
		</dict>
		<key>75C9A9BF1CA8C89B00F95090</key>
		<dict>
			<key>fileRef</key>
			<string>75C9A9BE1CA8C89B00F95090</string>
			<key>isa</key>
			<string>PBXBuildFile</string>
		</dict>
		<key>75C9A9C01CA8C8BF00F95090</key>
		<dict>
			<key>fileEncoding</key>
			<string>4</string>
			<key>isa</key>
			<string>PBXFileReference</string>
			<key>lastKnownFileType</key>
			<string>sourcecode.swift</string>
			<key>path</key>
			<string>ForageManage.swift</string>
			<key>sourceTree</key>
			<string>&lt;group&gt;</string>
		</dict>
		<key>75C9A9C11CA8C8BF00F95090</key>
		<dict>
			<key>fileRef</key>
			<string>75C9A9C01CA8C8BF00F95090</string>
			<key>isa</key>
			<string>PBXBuildFile</string>
		</dict>
		<key>75C9A9C21CA8C8DD00F95090</key>
		<dict>
			<key>fileEncoding</key>
			<string>4</string>
			<key>isa</key>
			<string>PBXFileReference</string>
			<key>lastKnownFileType</key>
			<string>sourcecode.swift</string>
			<key>path</key>
			<string>CattleManage.swift</string>
			<key>sourceTree</key>
			<string>&lt;group&gt;</string>
		</dict>
		<key>75C9A9C31CA8C8DD00F95090</key>
		<dict>
			<key>fileRef</key>
			<string>75C9A9C21CA8C8DD00F95090</string>
			<key>isa</key>
			<string>PBXBuildFile</string>
		</dict>
		<key>75C9A9C41CA8C8F300F95090</key>
		<dict>
			<key>fileEncoding</key>
			<string>4</string>
			<key>isa</key>
			<string>PBXFileReference</string>
			<key>lastKnownFileType</key>
			<string>sourcecode.swift</string>
			<key>path</key>
			<string>FoundationManage.swift</string>
			<key>sourceTree</key>
			<string>&lt;group&gt;</string>
		</dict>
		<key>75C9A9C51CA8C8F300F95090</key>
		<dict>
			<key>fileRef</key>
			<string>75C9A9C41CA8C8F300F95090</string>
			<key>isa</key>
			<string>PBXBuildFile</string>
		</dict>
		<key>75D168651CAAD4A000BAE849</key>
		<dict>
			<key>fileEncoding</key>
			<string>4</string>
			<key>isa</key>
			<string>PBXFileReference</string>
			<key>lastKnownFileType</key>
			<string>sourcecode.swift</string>
			<key>path</key>
			<string>FoundationMakeView.swift</string>
			<key>sourceTree</key>
			<string>&lt;group&gt;</string>
		</dict>
		<key>75D168661CAAD4A000BAE849</key>
		<dict>
			<key>fileRef</key>
			<string>75D168651CAAD4A000BAE849</string>
			<key>isa</key>
			<string>PBXBuildFile</string>
		</dict>
		<key>75D168691CAAD66000BAE849</key>
		<dict>
			<key>fileEncoding</key>
			<string>4</string>
			<key>isa</key>
			<string>PBXFileReference</string>
			<key>lastKnownFileType</key>
			<string>sourcecode.swift</string>
			<key>path</key>
			<string>FoundationMakeCell.swift</string>
			<key>sourceTree</key>
			<string>&lt;group&gt;</string>
		</dict>
		<key>75D1686A1CAAD66000BAE849</key>
		<dict>
			<key>fileEncoding</key>
			<string>4</string>
			<key>isa</key>
			<string>PBXFileReference</string>
			<key>lastKnownFileType</key>
			<string>file.xib</string>
			<key>path</key>
			<string>FoundationMakeCell.xib</string>
			<key>sourceTree</key>
			<string>&lt;group&gt;</string>
		</dict>
		<key>75D1686B1CAAD66000BAE849</key>
		<dict>
			<key>fileRef</key>
			<string>75D168691CAAD66000BAE849</string>
			<key>isa</key>
			<string>PBXBuildFile</string>
		</dict>
		<key>75D1686C1CAAD66000BAE849</key>
		<dict>
			<key>fileRef</key>
			<string>75D1686A1CAAD66000BAE849</string>
			<key>isa</key>
			<string>PBXBuildFile</string>
		</dict>
		<key>75E369E31CAA2CA000263D6D</key>
		<dict>
			<key>fileEncoding</key>
			<string>4</string>
			<key>isa</key>
			<string>PBXFileReference</string>
			<key>lastKnownFileType</key>
			<string>sourcecode.swift</string>
			<key>path</key>
			<string>CattleManageDetail.swift</string>
			<key>sourceTree</key>
			<string>&lt;group&gt;</string>
		</dict>
		<key>75E369E41CAA2CA000263D6D</key>
		<dict>
			<key>fileEncoding</key>
			<string>4</string>
			<key>isa</key>
			<string>PBXFileReference</string>
			<key>lastKnownFileType</key>
			<string>file.xib</string>
			<key>path</key>
			<string>CattleManageDetail.xib</string>
			<key>sourceTree</key>
			<string>&lt;group&gt;</string>
		</dict>
		<key>75E369E51CAA2CA000263D6D</key>
		<dict>
			<key>fileRef</key>
			<string>75E369E31CAA2CA000263D6D</string>
			<key>isa</key>
			<string>PBXBuildFile</string>
		</dict>
		<key>75E369E61CAA2CA000263D6D</key>
		<dict>
			<key>fileRef</key>
			<string>75E369E41CAA2CA000263D6D</string>
			<key>isa</key>
			<string>PBXBuildFile</string>
		</dict>
		<key>75E369E71CAA360400263D6D</key>
		<dict>
			<key>fileEncoding</key>
			<string>4</string>
			<key>isa</key>
			<string>PBXFileReference</string>
			<key>lastKnownFileType</key>
			<string>sourcecode.swift</string>
			<key>path</key>
			<string>CattleManageDetailCell.swift</string>
			<key>sourceTree</key>
			<string>&lt;group&gt;</string>
		</dict>
		<key>75E369E81CAA360400263D6D</key>
		<dict>
			<key>fileEncoding</key>
			<string>4</string>
			<key>isa</key>
			<string>PBXFileReference</string>
			<key>lastKnownFileType</key>
			<string>file.xib</string>
			<key>path</key>
			<string>CattleManageDetailCell.xib</string>
			<key>sourceTree</key>
			<string>&lt;group&gt;</string>
		</dict>
		<key>75E369E91CAA360400263D6D</key>
		<dict>
			<key>fileRef</key>
			<string>75E369E71CAA360400263D6D</string>
			<key>isa</key>
			<string>PBXBuildFile</string>
		</dict>
		<key>75E369EA1CAA360400263D6D</key>
		<dict>
			<key>fileRef</key>
			<string>75E369E81CAA360400263D6D</string>
			<key>isa</key>
			<string>PBXBuildFile</string>
		</dict>
		<key>89E5C04FCB28E3E37EF02375</key>
		<dict>
			<key>explicitFileType</key>
			<string>wrapper.framework</string>
			<key>includeInIndex</key>
			<string>0</string>
			<key>isa</key>
			<string>PBXFileReference</string>
			<key>path</key>
			<string>Pods.framework</string>
			<key>sourceTree</key>
			<string>BUILT_PRODUCTS_DIR</string>
		</dict>
		<key>8AC7097A3CE5DE98CA2BDDEA</key>
		<dict>
			<key>children</key>
			<array>
				<string>755B24701CA82ADF00ECC369</string>
				<string>89E5C04FCB28E3E37EF02375</string>
			</array>
			<key>isa</key>
			<string>PBXGroup</string>
			<key>name</key>
			<string>Frameworks</string>
			<key>sourceTree</key>
			<string>&lt;group&gt;</string>
		</dict>
		<key>B64509A73216430E2225F322</key>
		<dict>
			<key>buildActionMask</key>
			<string>2147483647</string>
			<key>files</key>
			<array/>
			<key>inputPaths</key>
			<array/>
			<key>isa</key>
			<string>PBXShellScriptBuildPhase</string>
			<key>name</key>
			<string>Embed Pods Frameworks</string>
			<key>outputPaths</key>
			<array/>
			<key>runOnlyForDeploymentPostprocessing</key>
			<string>0</string>
			<key>shellPath</key>
			<string>/bin/sh</string>
			<key>shellScript</key>
			<string>"${SRCROOT}/Pods/Target Support Files/Pods/Pods-frameworks.sh"
</string>
			<key>showEnvVarsInLog</key>
			<string>0</string>
		</dict>
		<key>C73F417569FD2598F584113C</key>
		<dict>
			<key>children</key>
			<array>
				<string>0D147B0D512A9A222F3727F9</string>
				<string>0C9101593111FE2403F88E22</string>
			</array>
			<key>isa</key>
			<string>PBXGroup</string>
			<key>name</key>
			<string>Pods</string>
			<key>sourceTree</key>
			<string>&lt;group&gt;</string>
		</dict>
		<key>D4C47E833A76F8AD7E5CCCB3</key>
		<dict>
			<key>buildActionMask</key>
			<string>2147483647</string>
			<key>files</key>
			<array/>
			<key>inputPaths</key>
			<array/>
			<key>isa</key>
			<string>PBXShellScriptBuildPhase</string>
			<key>name</key>
			<string>Check Pods Manifest.lock</string>
			<key>outputPaths</key>
			<array/>
			<key>runOnlyForDeploymentPostprocessing</key>
			<string>0</string>
			<key>shellPath</key>
			<string>/bin/sh</string>
			<key>shellScript</key>
			<string>diff "${PODS_ROOT}/../Podfile.lock" "${PODS_ROOT}/Manifest.lock" &gt; /dev/null
if [[ $? != 0 ]] ; then
    cat &lt;&lt; EOM
error: The sandbox is not in sync with the Podfile.lock. Run 'pod install' or update your CocoaPods installation.
EOM
    exit 1
fi
</string>
			<key>showEnvVarsInLog</key>
			<string>0</string>
		</dict>
	</dict>
	<key>rootObject</key>
	<string>7501E1651CA7BDFB0047B6D0</string>
</dict>
</plist>
