// !$*UTF8*$!
{
	archiveVersion = 1;
	classes = {
	};
	objectVersion = 46;
	objects = {

/* Begin PBXBuildFile section */
		4A10DE1C1B3A2D76C52F1031 /* Pods.framework in Frameworks */ = {isa = PBXBuildFile; fileRef = 89E5C04FCB28E3E37EF02375 /* Pods.framework */; };
		7501E1711CA7BDFB0047B6D0 /* AppDelegate.swift in Sources */ = {isa = PBXBuildFile; fileRef = 7501E1701CA7BDFB0047B6D0 /* AppDelegate.swift */; };
		7501E1731CA7BDFB0047B6D0 /* ViewController.swift in Sources */ = {isa = PBXBuildFile; fileRef = 7501E1721CA7BDFB0047B6D0 /* ViewController.swift */; };
		7501E1761CA7BDFB0047B6D0 /* Main.storyboard in Resources */ = {isa = PBXBuildFile; fileRef = 7501E1741CA7BDFB0047B6D0 /* Main.storyboard */; };
		7501E1781CA7BDFB0047B6D0 /* Assets.xcassets in Resources */ = {isa = PBXBuildFile; fileRef = 7501E1771CA7BDFB0047B6D0 /* Assets.xcassets */; };
		7501E17B1CA7BDFB0047B6D0 /* LaunchScreen.storyboard in Resources */ = {isa = PBXBuildFile; fileRef = 7501E1791CA7BDFB0047B6D0 /* LaunchScreen.storyboard */; };
		7501E1861CA7BDFB0047B6D0 /* TMRTests.swift in Sources */ = {isa = PBXBuildFile; fileRef = 7501E1851CA7BDFB0047B6D0 /* TMRTests.swift */; };
		7501E1911CA7BDFB0047B6D0 /* TMRUITests.swift in Sources */ = {isa = PBXBuildFile; fileRef = 7501E1901CA7BDFB0047B6D0 /* TMRUITests.swift */; };
		7543FBA11CA9673D0041228D /* TMRCattleManage.swift in Sources */ = {isa = PBXBuildFile; fileRef = 7543FB9F1CA9673D0041228D /* TMRCattleManage.swift */; };
		7543FBA21CA9673D0041228D /* TMRCattleManage.xib in Resources */ = {isa = PBXBuildFile; fileRef = 7543FBA01CA9673D0041228D /* TMRCattleManage.xib */; };
		7543FBA51CA96B0A0041228D /* CattleManageCell.swift in Sources */ = {isa = PBXBuildFile; fileRef = 7543FBA31CA96B0A0041228D /* CattleManageCell.swift */; };
		7543FBA61CA96B0A0041228D /* CattleManageCell.xib in Resources */ = {isa = PBXBuildFile; fileRef = 7543FBA41CA96B0A0041228D /* CattleManageCell.xib */; };
		7543FBA81CA9794D0041228D /* CattleView.swift in Sources */ = {isa = PBXBuildFile; fileRef = 7543FBA71CA9794D0041228D /* CattleView.swift */; };
		7543FBAA1CA9795C0041228D /* CattleView.xib in Resources */ = {isa = PBXBuildFile; fileRef = 7543FBA91CA9795C0041228D /* CattleView.xib */; };
		755B24331CA8213600ECC369 /* TMRSQLite.swift in Sources */ = {isa = PBXBuildFile; fileRef = 755B24321CA8213600ECC369 /* TMRSQLite.swift */; };
		755B24711CA82ADF00ECC369 /* libsqlite3.0.tbd in Frameworks */ = {isa = PBXBuildFile; fileRef = 755B24701CA82ADF00ECC369 /* libsqlite3.0.tbd */; };
		755C96E81CA8D87900C83667 /* TMRForageManage.swift in Sources */ = {isa = PBXBuildFile; fileRef = 755C96E61CA8D87900C83667 /* TMRForageManage.swift */; };
		755C96E91CA8D87900C83667 /* TMRForageManage.xib in Resources */ = {isa = PBXBuildFile; fileRef = 755C96E71CA8D87900C83667 /* TMRForageManage.xib */; };
		755C96F51CA8DC0600C83667 /* return_black.png in Resources */ = {isa = PBXBuildFile; fileRef = 755C96EC1CA8DC0600C83667 /* return_black.png */; };
		755C96F61CA8DC0600C83667 /* return_black@2x.png in Resources */ = {isa = PBXBuildFile; fileRef = 755C96ED1CA8DC0600C83667 /* return_black@2x.png */; };
		755C96F71CA8DC0600C83667 /* return_black@3x.png in Resources */ = {isa = PBXBuildFile; fileRef = 755C96EE1CA8DC0600C83667 /* return_black@3x.png */; };
		755C96F81CA8DC0600C83667 /* return_gray.png in Resources */ = {isa = PBXBuildFile; fileRef = 755C96EF1CA8DC0600C83667 /* return_gray.png */; };
		755C96F91CA8DC0600C83667 /* return_gray@2x.png in Resources */ = {isa = PBXBuildFile; fileRef = 755C96F01CA8DC0600C83667 /* return_gray@2x.png */; };
		755C96FA1CA8DC0600C83667 /* return_gray@3x.png in Resources */ = {isa = PBXBuildFile; fileRef = 755C96F11CA8DC0600C83667 /* return_gray@3x.png */; };
		755C96FB1CA8DC0600C83667 /* return_white.png in Resources */ = {isa = PBXBuildFile; fileRef = 755C96F21CA8DC0600C83667 /* return_white.png */; };
		755C96FC1CA8DC0600C83667 /* return_white@2x.png in Resources */ = {isa = PBXBuildFile; fileRef = 755C96F31CA8DC0600C83667 /* return_white@2x.png */; };
		755C96FD1CA8DC0600C83667 /* return_white@3x.png in Resources */ = {isa = PBXBuildFile; fileRef = 755C96F41CA8DC0600C83667 /* return_white@3x.png */; };
		755C96FF1CA8E0F600C83667 /* TMRNavigationController.swift in Sources */ = {isa = PBXBuildFile; fileRef = 755C96FE1CA8E0F600C83667 /* TMRNavigationController.swift */; };
		755C97021CA8E21600C83667 /* Controller.swift in Sources */ = {isa = PBXBuildFile; fileRef = 755C97011CA8E21600C83667 /* Controller.swift */; };
		755C97041CA8E34400C83667 /* TMRBaseViewController.swift in Sources */ = {isa = PBXBuildFile; fileRef = 755C97031CA8E34400C83667 /* TMRBaseViewController.swift */; };
		7563B3CE1CA7CD4200BC84BB /* TMRProcessed.swift in Sources */ = {isa = PBXBuildFile; fileRef = 7563B3CD1CA7CD4200BC84BB /* TMRProcessed.swift */; };
		7563B3D31CA7CD8700BC84BB /* TMRWorksheet.swift in Sources */ = {isa = PBXBuildFile; fileRef = 7563B3D11CA7CD8700BC84BB /* TMRWorksheet.swift */; };
		7563B3D41CA7CD8700BC84BB /* TMRWorksheet.xib in Resources */ = {isa = PBXBuildFile; fileRef = 7563B3D21CA7CD8700BC84BB /* TMRWorksheet.xib */; };
		7563B3D71CA7CDA200BC84BB /* TMRNetwork.swift in Sources */ = {isa = PBXBuildFile; fileRef = 7563B3D51CA7CDA200BC84BB /* TMRNetwork.swift */; };
		7563B3D81CA7CDA200BC84BB /* TMRNetwork.xib in Resources */ = {isa = PBXBuildFile; fileRef = 7563B3D61CA7CDA200BC84BB /* TMRNetwork.xib */; };
		7563B3DA1CA7CF4300BC84BB /* GlobalValue.swift in Sources */ = {isa = PBXBuildFile; fileRef = 7563B3D91CA7CF4300BC84BB /* GlobalValue.swift */; };
		7595C4191CA913D0000EECAB /* ForageManageCell.swift in Sources */ = {isa = PBXBuildFile; fileRef = 7595C4171CA913D0000EECAB /* ForageManageCell.swift */; };
		7595C41A1CA913D0000EECAB /* ForageManageCell.xib in Resources */ = {isa = PBXBuildFile; fileRef = 7595C4181CA913D0000EECAB /* ForageManageCell.xib */; };
		7595C41C1CA91962000EECAB /* ForageAddView.swift in Sources */ = {isa = PBXBuildFile; fileRef = 7595C41B1CA91962000EECAB /* ForageAddView.swift */; };
		7595C41E1CA91987000EECAB /* ForageAddView.xib in Resources */ = {isa = PBXBuildFile; fileRef = 7595C41D1CA91987000EECAB /* ForageAddView.xib */; };
		75975B731CAE17B400839BC2 /* TMRString.swift in Sources */ = {isa = PBXBuildFile; fileRef = 75975B721CAE17B400839BC2 /* TMRString.swift */; };
		759D4AFC1CACAEA300B103A5 /* TMRFoundationMake.swift in Sources */ = {isa = PBXBuildFile; fileRef = 759D4AFA1CACAEA300B103A5 /* TMRFoundationMake.swift */; };
		759D4AFD1CACAEA300B103A5 /* TMRFoundationMake.xib in Resources */ = {isa = PBXBuildFile; fileRef = 759D4AFB1CACAEA300B103A5 /* TMRFoundationMake.xib */; };
		759D4B001CACAEC100B103A5 /* TMRWorksheetMake.swift in Sources */ = {isa = PBXBuildFile; fileRef = 759D4AFE1CACAEC100B103A5 /* TMRWorksheetMake.swift */; };
		759D4B011CACAEC100B103A5 /* TMRWorksheetMake.xib in Resources */ = {isa = PBXBuildFile; fileRef = 759D4AFF1CACAEC100B103A5 /* TMRWorksheetMake.xib */; };
		759D4B041CACB27800B103A5 /* TMRFoundationMakeCell.swift in Sources */ = {isa = PBXBuildFile; fileRef = 759D4B021CACB27800B103A5 /* TMRFoundationMakeCell.swift */; };
		759D4B051CACB27800B103A5 /* TMRFoundationMakeCell.xib in Resources */ = {isa = PBXBuildFile; fileRef = 759D4B031CACB27800B103A5 /* TMRFoundationMakeCell.xib */; };
		75A957941CB1025600A6EE9C /* NetWorkCell.swift in Sources */ = {isa = PBXBuildFile; fileRef = 75A957921CB1025600A6EE9C /* NetWorkCell.swift */; };
		75A957951CB1025600A6EE9C /* NetWorkCell.xib in Resources */ = {isa = PBXBuildFile; fileRef = 75A957931CB1025600A6EE9C /* NetWorkCell.xib */; };
		75C2429D1CAEC7400060197E /* SDBallProgressView.m in Sources */ = {isa = PBXBuildFile; fileRef = 75C2428F1CAEC7400060197E /* SDBallProgressView.m */; };
		75C2429E1CAEC7400060197E /* SDBaseProgressView.m in Sources */ = {isa = PBXBuildFile; fileRef = 75C242911CAEC7400060197E /* SDBaseProgressView.m */; };
		75C2429F1CAEC7400060197E /* SDLoopProgressView.m in Sources */ = {isa = PBXBuildFile; fileRef = 75C242931CAEC7400060197E /* SDLoopProgressView.m */; };
		75C242A01CAEC7400060197E /* SDPieLoopProgressView.m in Sources */ = {isa = PBXBuildFile; fileRef = 75C242951CAEC7400060197E /* SDPieLoopProgressView.m */; };
		75C242A11CAEC7400060197E /* SDPieProgressView.m in Sources */ = {isa = PBXBuildFile; fileRef = 75C242971CAEC7400060197E /* SDPieProgressView.m */; };
		75C242A21CAEC7400060197E /* SDRotationLoopProgressView.m in Sources */ = {isa = PBXBuildFile; fileRef = 75C2429A1CAEC7400060197E /* SDRotationLoopProgressView.m */; };
		75C242A31CAEC7400060197E /* SDTransparentPieProgressView.m in Sources */ = {isa = PBXBuildFile; fileRef = 75C2429C1CAEC7400060197E /* SDTransparentPieProgressView.m */; };
		75C242A61CAF8F560060197E /* TMRProcessing.swift in Sources */ = {isa = PBXBuildFile; fileRef = 75C242A41CAF8F560060197E /* TMRProcessing.swift */; };
		75C242A71CAF8F560060197E /* TMRProcessing.xib in Resources */ = {isa = PBXBuildFile; fileRef = 75C242A51CAF8F560060197E /* TMRProcessing.xib */; };
		75C242AE1CAF9F810060197E /* TMRProcessingCell.swift in Sources */ = {isa = PBXBuildFile; fileRef = 75C242AC1CAF9F810060197E /* TMRProcessingCell.swift */; };
		75C242AF1CAF9F810060197E /* TMRProcessingCell.xib in Resources */ = {isa = PBXBuildFile; fileRef = 75C242AD1CAF9F810060197E /* TMRProcessingCell.xib */; };
		75C242B11CAFA8600060197E /* WorksheetModel.swift in Sources */ = {isa = PBXBuildFile; fileRef = 75C242B01CAFA8600060197E /* WorksheetModel.swift */; };
		75C242B31CAFB5A10060197E /* ProcessingView.swift in Sources */ = {isa = PBXBuildFile; fileRef = 75C242B21CAFB5A10060197E /* ProcessingView.swift */; };
		75C242B51CAFB5B60060197E /* ProcessingView.xib in Resources */ = {isa = PBXBuildFile; fileRef = 75C242B41CAFB5B60060197E /* ProcessingView.xib */; };
		75C9497B1CB151AF00F7EA2D /* TMRLogin.swift in Sources */ = {isa = PBXBuildFile; fileRef = 75C949791CB151AF00F7EA2D /* TMRLogin.swift */; };
		75C9497C1CB151AF00F7EA2D /* TMRLogin.xib in Resources */ = {isa = PBXBuildFile; fileRef = 75C9497A1CB151AF00F7EA2D /* TMRLogin.xib */; };
		75C9A9BF1CA8C89B00F95090 /* Worksheet.swift in Sources */ = {isa = PBXBuildFile; fileRef = 75C9A9BE1CA8C89B00F95090 /* Worksheet.swift */; };
		75C9A9C11CA8C8BF00F95090 /* ForageManage.swift in Sources */ = {isa = PBXBuildFile; fileRef = 75C9A9C01CA8C8BF00F95090 /* ForageManage.swift */; };
		75C9A9C31CA8C8DD00F95090 /* CattleManage.swift in Sources */ = {isa = PBXBuildFile; fileRef = 75C9A9C21CA8C8DD00F95090 /* CattleManage.swift */; };
		75C9A9C51CA8C8F300F95090 /* FoundationManage.swift in Sources */ = {isa = PBXBuildFile; fileRef = 75C9A9C41CA8C8F300F95090 /* FoundationManage.swift */; };
		75D168661CAAD4A000BAE849 /* FoundationMakeView.swift in Sources */ = {isa = PBXBuildFile; fileRef = 75D168651CAAD4A000BAE849 /* FoundationMakeView.swift */; };
		75D1686B1CAAD66000BAE849 /* FoundationMakeCell.swift in Sources */ = {isa = PBXBuildFile; fileRef = 75D168691CAAD66000BAE849 /* FoundationMakeCell.swift */; };
		75D1686C1CAAD66000BAE849 /* FoundationMakeCell.xib in Resources */ = {isa = PBXBuildFile; fileRef = 75D1686A1CAAD66000BAE849 /* FoundationMakeCell.xib */; };
		75E061BD1CAD8C2900CF1E9A /* TMRHintView.swift in Sources */ = {isa = PBXBuildFile; fileRef = 75E061BC1CAD8C2900CF1E9A /* TMRHintView.swift */; };
		75E369E51CAA2CA000263D6D /* CattleManageDetail.swift in Sources */ = {isa = PBXBuildFile; fileRef = 75E369E31CAA2CA000263D6D /* CattleManageDetail.swift */; };
		75E369E61CAA2CA000263D6D /* CattleManageDetail.xib in Resources */ = {isa = PBXBuildFile; fileRef = 75E369E41CAA2CA000263D6D /* CattleManageDetail.xib */; };
		75E369E91CAA360400263D6D /* CattleManageDetailCell.swift in Sources */ = {isa = PBXBuildFile; fileRef = 75E369E71CAA360400263D6D /* CattleManageDetailCell.swift */; };
		75E369EA1CAA360400263D6D /* CattleManageDetailCell.xib in Resources */ = {isa = PBXBuildFile; fileRef = 75E369E81CAA360400263D6D /* CattleManageDetailCell.xib */; };
/* End PBXBuildFile section */

/* Begin PBXContainerItemProxy section */
		7501E1821CA7BDFB0047B6D0 /* PBXContainerItemProxy */ = {
			isa = PBXContainerItemProxy;
			containerPortal = 7501E1651CA7BDFB0047B6D0 /* Project object */;
			proxyType = 1;
			remoteGlobalIDString = 7501E16C1CA7BDFB0047B6D0;
			remoteInfo = TMR;
		};
		7501E18D1CA7BDFB0047B6D0 /* PBXContainerItemProxy */ = {
			isa = PBXContainerItemProxy;
			containerPortal = 7501E1651CA7BDFB0047B6D0 /* Project object */;
			proxyType = 1;
			remoteGlobalIDString = 7501E16C1CA7BDFB0047B6D0;
			remoteInfo = TMR;
		};
/* End PBXContainerItemProxy section */

/* Begin PBXFileReference section */
		0C9101593111FE2403F88E22 /* Pods.release.xcconfig */ = {isa = PBXFileReference; includeInIndex = 1; lastKnownFileType = text.xcconfig; name = Pods.release.xcconfig; path = "Pods/Target Support Files/Pods/Pods.release.xcconfig"; sourceTree = "<group>"; };
		0D147B0D512A9A222F3727F9 /* Pods.debug.xcconfig */ = {isa = PBXFileReference; includeInIndex = 1; lastKnownFileType = text.xcconfig; name = Pods.debug.xcconfig; path = "Pods/Target Support Files/Pods/Pods.debug.xcconfig"; sourceTree = "<group>"; };
		7501E16D1CA7BDFB0047B6D0 /* TMR.app */ = {isa = PBXFileReference; explicitFileType = wrapper.application; includeInIndex = 0; path = TMR.app; sourceTree = BUILT_PRODUCTS_DIR; };
		7501E1701CA7BDFB0047B6D0 /* AppDelegate.swift */ = {isa = PBXFileReference; lastKnownFileType = sourcecode.swift; path = AppDelegate.swift; sourceTree = "<group>"; };
		7501E1721CA7BDFB0047B6D0 /* ViewController.swift */ = {isa = PBXFileReference; lastKnownFileType = sourcecode.swift; path = ViewController.swift; sourceTree = "<group>"; };
		7501E1751CA7BDFB0047B6D0 /* Base */ = {isa = PBXFileReference; lastKnownFileType = file.storyboard; name = Base; path = Base.lproj/Main.storyboard; sourceTree = "<group>"; };
		7501E1771CA7BDFB0047B6D0 /* Assets.xcassets */ = {isa = PBXFileReference; lastKnownFileType = folder.assetcatalog; path = Assets.xcassets; sourceTree = "<group>"; };
		7501E17A1CA7BDFB0047B6D0 /* Base */ = {isa = PBXFileReference; lastKnownFileType = file.storyboard; name = Base; path = Base.lproj/LaunchScreen.storyboard; sourceTree = "<group>"; };
		7501E17C1CA7BDFB0047B6D0 /* Info.plist */ = {isa = PBXFileReference; lastKnownFileType = text.plist.xml; path = Info.plist; sourceTree = "<group>"; };
		7501E1811CA7BDFB0047B6D0 /* TMRTests.xctest */ = {isa = PBXFileReference; explicitFileType = wrapper.cfbundle; includeInIndex = 0; path = TMRTests.xctest; sourceTree = BUILT_PRODUCTS_DIR; };
		7501E1851CA7BDFB0047B6D0 /* TMRTests.swift */ = {isa = PBXFileReference; lastKnownFileType = sourcecode.swift; path = TMRTests.swift; sourceTree = "<group>"; };
		7501E1871CA7BDFB0047B6D0 /* Info.plist */ = {isa = PBXFileReference; lastKnownFileType = text.plist.xml; path = Info.plist; sourceTree = "<group>"; };
		7501E18C1CA7BDFB0047B6D0 /* TMRUITests.xctest */ = {isa = PBXFileReference; explicitFileType = wrapper.cfbundle; includeInIndex = 0; path = TMRUITests.xctest; sourceTree = BUILT_PRODUCTS_DIR; };
		7501E1901CA7BDFB0047B6D0 /* TMRUITests.swift */ = {isa = PBXFileReference; lastKnownFileType = sourcecode.swift; path = TMRUITests.swift; sourceTree = "<group>"; };
		7501E1921CA7BDFB0047B6D0 /* Info.plist */ = {isa = PBXFileReference; lastKnownFileType = text.plist.xml; path = Info.plist; sourceTree = "<group>"; };
		7543FB9F1CA9673D0041228D /* TMRCattleManage.swift */ = {isa = PBXFileReference; fileEncoding = 4; lastKnownFileType = sourcecode.swift; path = TMRCattleManage.swift; sourceTree = "<group>"; };
		7543FBA01CA9673D0041228D /* TMRCattleManage.xib */ = {isa = PBXFileReference; fileEncoding = 4; lastKnownFileType = file.xib; path = TMRCattleManage.xib; sourceTree = "<group>"; };
		7543FBA31CA96B0A0041228D /* CattleManageCell.swift */ = {isa = PBXFileReference; fileEncoding = 4; lastKnownFileType = sourcecode.swift; path = CattleManageCell.swift; sourceTree = "<group>"; };
		7543FBA41CA96B0A0041228D /* CattleManageCell.xib */ = {isa = PBXFileReference; fileEncoding = 4; lastKnownFileType = file.xib; path = CattleManageCell.xib; sourceTree = "<group>"; };
		7543FBA71CA9794D0041228D /* CattleView.swift */ = {isa = PBXFileReference; fileEncoding = 4; lastKnownFileType = sourcecode.swift; path = CattleView.swift; sourceTree = "<group>"; };
		7543FBA91CA9795C0041228D /* CattleView.xib */ = {isa = PBXFileReference; fileEncoding = 4; lastKnownFileType = file.xib; path = CattleView.xib; sourceTree = "<group>"; };
		755B242B1CA8200000ECC369 /* TMR-Bridging-Header.h */ = {isa = PBXFileReference; lastKnownFileType = sourcecode.c.h; path = "TMR-Bridging-Header.h"; sourceTree = "<group>"; };
		755B24321CA8213600ECC369 /* TMRSQLite.swift */ = {isa = PBXFileReference; fileEncoding = 4; lastKnownFileType = sourcecode.swift; path = TMRSQLite.swift; sourceTree = "<group>"; };
		755B24701CA82ADF00ECC369 /* libsqlite3.0.tbd */ = {isa = PBXFileReference; lastKnownFileType = "sourcecode.text-based-dylib-definition"; name = libsqlite3.0.tbd; path = usr/lib/libsqlite3.0.tbd; sourceTree = SDKROOT; };
		755C96E61CA8D87900C83667 /* TMRForageManage.swift */ = {isa = PBXFileReference; fileEncoding = 4; lastKnownFileType = sourcecode.swift; path = TMRForageManage.swift; sourceTree = "<group>"; };
		755C96E71CA8D87900C83667 /* TMRForageManage.xib */ = {isa = PBXFileReference; fileEncoding = 4; lastKnownFileType = file.xib; path = TMRForageManage.xib; sourceTree = "<group>"; };
		755C96EC1CA8DC0600C83667 /* return_black.png */ = {isa = PBXFileReference; lastKnownFileType = image.png; path = return_black.png; sourceTree = "<group>"; };
		755C96ED1CA8DC0600C83667 /* return_black@2x.png */ = {isa = PBXFileReference; lastKnownFileType = image.png; path = "return_black@2x.png"; sourceTree = "<group>"; };
		755C96EE1CA8DC0600C83667 /* return_black@3x.png */ = {isa = PBXFileReference; lastKnownFileType = image.png; path = "return_black@3x.png"; sourceTree = "<group>"; };
		755C96EF1CA8DC0600C83667 /* return_gray.png */ = {isa = PBXFileReference; lastKnownFileType = image.png; path = return_gray.png; sourceTree = "<group>"; };
		755C96F01CA8DC0600C83667 /* return_gray@2x.png */ = {isa = PBXFileReference; lastKnownFileType = image.png; path = "return_gray@2x.png"; sourceTree = "<group>"; };
		755C96F11CA8DC0600C83667 /* return_gray@3x.png */ = {isa = PBXFileReference; lastKnownFileType = image.png; path = "return_gray@3x.png"; sourceTree = "<group>"; };
		755C96F21CA8DC0600C83667 /* return_white.png */ = {isa = PBXFileReference; lastKnownFileType = image.png; path = return_white.png; sourceTree = "<group>"; };
		755C96F31CA8DC0600C83667 /* return_white@2x.png */ = {isa = PBXFileReference; lastKnownFileType = image.png; path = "return_white@2x.png"; sourceTree = "<group>"; };
		755C96F41CA8DC0600C83667 /* return_white@3x.png */ = {isa = PBXFileReference; lastKnownFileType = image.png; path = "return_white@3x.png"; sourceTree = "<group>"; };
		755C96FE1CA8E0F600C83667 /* TMRNavigationController.swift */ = {isa = PBXFileReference; fileEncoding = 4; lastKnownFileType = sourcecode.swift; path = TMRNavigationController.swift; sourceTree = "<group>"; };
		755C97011CA8E21600C83667 /* Controller.swift */ = {isa = PBXFileReference; fileEncoding = 4; lastKnownFileType = sourcecode.swift; path = Controller.swift; sourceTree = "<group>"; };
		755C97031CA8E34400C83667 /* TMRBaseViewController.swift */ = {isa = PBXFileReference; fileEncoding = 4; lastKnownFileType = sourcecode.swift; path = TMRBaseViewController.swift; sourceTree = "<group>"; };
		7563B3CD1CA7CD4200BC84BB /* TMRProcessed.swift */ = {isa = PBXFileReference; fileEncoding = 4; lastKnownFileType = sourcecode.swift; path = TMRProcessed.swift; sourceTree = "<group>"; };
		7563B3D11CA7CD8700BC84BB /* TMRWorksheet.swift */ = {isa = PBXFileReference; fileEncoding = 4; lastKnownFileType = sourcecode.swift; path = TMRWorksheet.swift; sourceTree = "<group>"; };
		7563B3D21CA7CD8700BC84BB /* TMRWorksheet.xib */ = {isa = PBXFileReference; fileEncoding = 4; lastKnownFileType = file.xib; path = TMRWorksheet.xib; sourceTree = "<group>"; };
		7563B3D51CA7CDA200BC84BB /* TMRNetwork.swift */ = {isa = PBXFileReference; fileEncoding = 4; lastKnownFileType = sourcecode.swift; path = TMRNetwork.swift; sourceTree = "<group>"; };
		7563B3D61CA7CDA200BC84BB /* TMRNetwork.xib */ = {isa = PBXFileReference; fileEncoding = 4; lastKnownFileType = file.xib; path = TMRNetwork.xib; sourceTree = "<group>"; };
		7563B3D91CA7CF4300BC84BB /* GlobalValue.swift */ = {isa = PBXFileReference; fileEncoding = 4; lastKnownFileType = sourcecode.swift; path = GlobalValue.swift; sourceTree = "<group>"; };
		7595C4171CA913D0000EECAB /* ForageManageCell.swift */ = {isa = PBXFileReference; fileEncoding = 4; lastKnownFileType = sourcecode.swift; path = ForageManageCell.swift; sourceTree = "<group>"; };
		7595C4181CA913D0000EECAB /* ForageManageCell.xib */ = {isa = PBXFileReference; fileEncoding = 4; lastKnownFileType = file.xib; path = ForageManageCell.xib; sourceTree = "<group>"; };
		7595C41B1CA91962000EECAB /* ForageAddView.swift */ = {isa = PBXFileReference; fileEncoding = 4; lastKnownFileType = sourcecode.swift; path = ForageAddView.swift; sourceTree = "<group>"; };
		7595C41D1CA91987000EECAB /* ForageAddView.xib */ = {isa = PBXFileReference; fileEncoding = 4; lastKnownFileType = file.xib; path = ForageAddView.xib; sourceTree = "<group>"; };
		75975B721CAE17B400839BC2 /* TMRString.swift */ = {isa = PBXFileReference; fileEncoding = 4; lastKnownFileType = sourcecode.swift; path = TMRString.swift; sourceTree = "<group>"; };
		759D4AFA1CACAEA300B103A5 /* TMRFoundationMake.swift */ = {isa = PBXFileReference; fileEncoding = 4; lastKnownFileType = sourcecode.swift; path = TMRFoundationMake.swift; sourceTree = "<group>"; };
		759D4AFB1CACAEA300B103A5 /* TMRFoundationMake.xib */ = {isa = PBXFileReference; fileEncoding = 4; lastKnownFileType = file.xib; path = TMRFoundationMake.xib; sourceTree = "<group>"; };
		759D4AFE1CACAEC100B103A5 /* TMRWorksheetMake.swift */ = {isa = PBXFileReference; fileEncoding = 4; lastKnownFileType = sourcecode.swift; path = TMRWorksheetMake.swift; sourceTree = "<group>"; };
		759D4AFF1CACAEC100B103A5 /* TMRWorksheetMake.xib */ = {isa = PBXFileReference; fileEncoding = 4; lastKnownFileType = file.xib; path = TMRWorksheetMake.xib; sourceTree = "<group>"; };
		759D4B021CACB27800B103A5 /* TMRFoundationMakeCell.swift */ = {isa = PBXFileReference; fileEncoding = 4; lastKnownFileType = sourcecode.swift; path = TMRFoundationMakeCell.swift; sourceTree = "<group>"; };
		759D4B031CACB27800B103A5 /* TMRFoundationMakeCell.xib */ = {isa = PBXFileReference; fileEncoding = 4; lastKnownFileType = file.xib; path = TMRFoundationMakeCell.xib; sourceTree = "<group>"; };
		75A957921CB1025600A6EE9C /* NetWorkCell.swift */ = {isa = PBXFileReference; fileEncoding = 4; lastKnownFileType = sourcecode.swift; path = NetWorkCell.swift; sourceTree = "<group>"; };
		75A957931CB1025600A6EE9C /* NetWorkCell.xib */ = {isa = PBXFileReference; fileEncoding = 4; lastKnownFileType = file.xib; path = NetWorkCell.xib; sourceTree = "<group>"; };
		75C2428E1CAEC7400060197E /* SDBallProgressView.h */ = {isa = PBXFileReference; fileEncoding = 4; lastKnownFileType = sourcecode.c.h; path = SDBallProgressView.h; sourceTree = "<group>"; };
		75C2428F1CAEC7400060197E /* SDBallProgressView.m */ = {isa = PBXFileReference; fileEncoding = 4; lastKnownFileType = sourcecode.c.objc; path = SDBallProgressView.m; sourceTree = "<group>"; };
		75C242901CAEC7400060197E /* SDBaseProgressView.h */ = {isa = PBXFileReference; fileEncoding = 4; lastKnownFileType = sourcecode.c.h; path = SDBaseProgressView.h; sourceTree = "<group>"; };
		75C242911CAEC7400060197E /* SDBaseProgressView.m */ = {isa = PBXFileReference; fileEncoding = 4; lastKnownFileType = sourcecode.c.objc; path = SDBaseProgressView.m; sourceTree = "<group>"; };
		75C242921CAEC7400060197E /* SDLoopProgressView.h */ = {isa = PBXFileReference; fileEncoding = 4; lastKnownFileType = sourcecode.c.h; path = SDLoopProgressView.h; sourceTree = "<group>"; };
		75C242931CAEC7400060197E /* SDLoopProgressView.m */ = {isa = PBXFileReference; fileEncoding = 4; lastKnownFileType = sourcecode.c.objc; path = SDLoopProgressView.m; sourceTree = "<group>"; };
		75C242941CAEC7400060197E /* SDPieLoopProgressView.h */ = {isa = PBXFileReference; fileEncoding = 4; lastKnownFileType = sourcecode.c.h; path = SDPieLoopProgressView.h; sourceTree = "<group>"; };
		75C242951CAEC7400060197E /* SDPieLoopProgressView.m */ = {isa = PBXFileReference; fileEncoding = 4; lastKnownFileType = sourcecode.c.objc; path = SDPieLoopProgressView.m; sourceTree = "<group>"; };
		75C242961CAEC7400060197E /* SDPieProgressView.h */ = {isa = PBXFileReference; fileEncoding = 4; lastKnownFileType = sourcecode.c.h; path = SDPieProgressView.h; sourceTree = "<group>"; };
		75C242971CAEC7400060197E /* SDPieProgressView.m */ = {isa = PBXFileReference; fileEncoding = 4; lastKnownFileType = sourcecode.c.objc; path = SDPieProgressView.m; sourceTree = "<group>"; };
		75C242981CAEC7400060197E /* SDProgressView.h */ = {isa = PBXFileReference; fileEncoding = 4; lastKnownFileType = sourcecode.c.h; path = SDProgressView.h; sourceTree = "<group>"; };
		75C242991CAEC7400060197E /* SDRotationLoopProgressView.h */ = {isa = PBXFileReference; fileEncoding = 4; lastKnownFileType = sourcecode.c.h; path = SDRotationLoopProgressView.h; sourceTree = "<group>"; };
		75C2429A1CAEC7400060197E /* SDRotationLoopProgressView.m */ = {isa = PBXFileReference; fileEncoding = 4; lastKnownFileType = sourcecode.c.objc; path = SDRotationLoopProgressView.m; sourceTree = "<group>"; };
		75C2429B1CAEC7400060197E /* SDTransparentPieProgressView.h */ = {isa = PBXFileReference; fileEncoding = 4; lastKnownFileType = sourcecode.c.h; path = SDTransparentPieProgressView.h; sourceTree = "<group>"; };
		75C2429C1CAEC7400060197E /* SDTransparentPieProgressView.m */ = {isa = PBXFileReference; fileEncoding = 4; lastKnownFileType = sourcecode.c.objc; path = SDTransparentPieProgressView.m; sourceTree = "<group>"; };
		75C242A41CAF8F560060197E /* TMRProcessing.swift */ = {isa = PBXFileReference; fileEncoding = 4; lastKnownFileType = sourcecode.swift; path = TMRProcessing.swift; sourceTree = "<group>"; };
		75C242A51CAF8F560060197E /* TMRProcessing.xib */ = {isa = PBXFileReference; fileEncoding = 4; lastKnownFileType = file.xib; path = TMRProcessing.xib; sourceTree = "<group>"; };
		75C242AC1CAF9F810060197E /* TMRProcessingCell.swift */ = {isa = PBXFileReference; fileEncoding = 4; lastKnownFileType = sourcecode.swift; path = TMRProcessingCell.swift; sourceTree = "<group>"; };
		75C242AD1CAF9F810060197E /* TMRProcessingCell.xib */ = {isa = PBXFileReference; fileEncoding = 4; lastKnownFileType = file.xib; path = TMRProcessingCell.xib; sourceTree = "<group>"; };
		75C242B01CAFA8600060197E /* WorksheetModel.swift */ = {isa = PBXFileReference; fileEncoding = 4; lastKnownFileType = sourcecode.swift; path = WorksheetModel.swift; sourceTree = "<group>"; };
		75C242B21CAFB5A10060197E /* ProcessingView.swift */ = {isa = PBXFileReference; fileEncoding = 4; lastKnownFileType = sourcecode.swift; path = ProcessingView.swift; sourceTree = "<group>"; };
		75C242B41CAFB5B60060197E /* ProcessingView.xib */ = {isa = PBXFileReference; fileEncoding = 4; lastKnownFileType = file.xib; path = ProcessingView.xib; sourceTree = "<group>"; };
		75C949791CB151AF00F7EA2D /* TMRLogin.swift */ = {isa = PBXFileReference; fileEncoding = 4; lastKnownFileType = sourcecode.swift; path = TMRLogin.swift; sourceTree = "<group>"; };
		75C9497A1CB151AF00F7EA2D /* TMRLogin.xib */ = {isa = PBXFileReference; fileEncoding = 4; lastKnownFileType = file.xib; path = TMRLogin.xib; sourceTree = "<group>"; };
		75C9A9BE1CA8C89B00F95090 /* Worksheet.swift */ = {isa = PBXFileReference; fileEncoding = 4; lastKnownFileType = sourcecode.swift; path = Worksheet.swift; sourceTree = "<group>"; };
		75C9A9C01CA8C8BF00F95090 /* ForageManage.swift */ = {isa = PBXFileReference; fileEncoding = 4; lastKnownFileType = sourcecode.swift; path = ForageManage.swift; sourceTree = "<group>"; };
		75C9A9C21CA8C8DD00F95090 /* CattleManage.swift */ = {isa = PBXFileReference; fileEncoding = 4; lastKnownFileType = sourcecode.swift; path = CattleManage.swift; sourceTree = "<group>"; };
		75C9A9C41CA8C8F300F95090 /* FoundationManage.swift */ = {isa = PBXFileReference; fileEncoding = 4; lastKnownFileType = sourcecode.swift; path = FoundationManage.swift; sourceTree = "<group>"; };
		75D168651CAAD4A000BAE849 /* FoundationMakeView.swift */ = {isa = PBXFileReference; fileEncoding = 4; lastKnownFileType = sourcecode.swift; path = FoundationMakeView.swift; sourceTree = "<group>"; };
		75D168691CAAD66000BAE849 /* FoundationMakeCell.swift */ = {isa = PBXFileReference; fileEncoding = 4; lastKnownFileType = sourcecode.swift; path = FoundationMakeCell.swift; sourceTree = "<group>"; };
		75D1686A1CAAD66000BAE849 /* FoundationMakeCell.xib */ = {isa = PBXFileReference; fileEncoding = 4; lastKnownFileType = file.xib; path = FoundationMakeCell.xib; sourceTree = "<group>"; };
		75E061BC1CAD8C2900CF1E9A /* TMRHintView.swift */ = {isa = PBXFileReference; fileEncoding = 4; lastKnownFileType = sourcecode.swift; path = TMRHintView.swift; sourceTree = "<group>"; };
		75E369E31CAA2CA000263D6D /* CattleManageDetail.swift */ = {isa = PBXFileReference; fileEncoding = 4; lastKnownFileType = sourcecode.swift; path = CattleManageDetail.swift; sourceTree = "<group>"; };
		75E369E41CAA2CA000263D6D /* CattleManageDetail.xib */ = {isa = PBXFileReference; fileEncoding = 4; lastKnownFileType = file.xib; path = CattleManageDetail.xib; sourceTree = "<group>"; };
		75E369E71CAA360400263D6D /* CattleManageDetailCell.swift */ = {isa = PBXFileReference; fileEncoding = 4; lastKnownFileType = sourcecode.swift; path = CattleManageDetailCell.swift; sourceTree = "<group>"; };
		75E369E81CAA360400263D6D /* CattleManageDetailCell.xib */ = {isa = PBXFileReference; fileEncoding = 4; lastKnownFileType = file.xib; path = CattleManageDetailCell.xib; sourceTree = "<group>"; };
		89E5C04FCB28E3E37EF02375 /* Pods.framework */ = {isa = PBXFileReference; explicitFileType = wrapper.framework; includeInIndex = 0; path = Pods.framework; sourceTree = BUILT_PRODUCTS_DIR; };
/* End PBXFileReference section */

/* Begin PBXFrameworksBuildPhase section */
		7501E16A1CA7BDFB0047B6D0 /* Frameworks */ = {
			isa = PBXFrameworksBuildPhase;
			buildActionMask = 2147483647;
			files = (
				755B24711CA82ADF00ECC369 /* libsqlite3.0.tbd in Frameworks */,
				4A10DE1C1B3A2D76C52F1031 /* Pods.framework in Frameworks */,
			);
			runOnlyForDeploymentPostprocessing = 0;
		};
		7501E17E1CA7BDFB0047B6D0 /* Frameworks */ = {
			isa = PBXFrameworksBuildPhase;
			buildActionMask = 2147483647;
			files = (
			);
			runOnlyForDeploymentPostprocessing = 0;
		};
		7501E1891CA7BDFB0047B6D0 /* Frameworks */ = {
			isa = PBXFrameworksBuildPhase;
			buildActionMask = 2147483647;
			files = (
			);
			runOnlyForDeploymentPostprocessing = 0;
		};
/* End PBXFrameworksBuildPhase section */

/* Begin PBXGroup section */
		7501E1641CA7BDFB0047B6D0 = {
			isa = PBXGroup;
			children = (
				7501E16F1CA7BDFB0047B6D0 /* TMR */,
				7501E1841CA7BDFB0047B6D0 /* TMRTests */,
				7501E18F1CA7BDFB0047B6D0 /* TMRUITests */,
				7501E16E1CA7BDFB0047B6D0 /* Products */,
				C73F417569FD2598F584113C /* Pods */,
				8AC7097A3CE5DE98CA2BDDEA /* Frameworks */,
			);
			sourceTree = "<group>";
		};
		7501E16E1CA7BDFB0047B6D0 /* Products */ = {
			isa = PBXGroup;
			children = (
				7501E16D1CA7BDFB0047B6D0 /* TMR.app */,
				7501E1811CA7BDFB0047B6D0 /* TMRTests.xctest */,
				7501E18C1CA7BDFB0047B6D0 /* TMRUITests.xctest */,
			);
			name = Products;
			sourceTree = "<group>";
		};
		7501E16F1CA7BDFB0047B6D0 /* TMR */ = {
			isa = PBXGroup;
			children = (
				755C96EA1CA8DC0600C83667 /* IconResources */,
				7563B3B81CA7CCAE00BC84BB /* Class */,
				7501E1701CA7BDFB0047B6D0 /* AppDelegate.swift */,
				7501E1721CA7BDFB0047B6D0 /* ViewController.swift */,
				7501E1741CA7BDFB0047B6D0 /* Main.storyboard */,
				7501E1771CA7BDFB0047B6D0 /* Assets.xcassets */,
				7501E1791CA7BDFB0047B6D0 /* LaunchScreen.storyboard */,
				7501E17C1CA7BDFB0047B6D0 /* Info.plist */,
			);
			path = TMR;
			sourceTree = "<group>";
		};
		7501E1841CA7BDFB0047B6D0 /* TMRTests */ = {
			isa = PBXGroup;
			children = (
				7501E1851CA7BDFB0047B6D0 /* TMRTests.swift */,
				7501E1871CA7BDFB0047B6D0 /* Info.plist */,
			);
			path = TMRTests;
			sourceTree = "<group>";
		};
		7501E18F1CA7BDFB0047B6D0 /* TMRUITests */ = {
			isa = PBXGroup;
			children = (
				7501E1901CA7BDFB0047B6D0 /* TMRUITests.swift */,
				7501E1921CA7BDFB0047B6D0 /* Info.plist */,
			);
			path = TMRUITests;
			sourceTree = "<group>";
		};
		755B242E1CA820E600ECC369 /* Lib */ = {
			isa = PBXGroup;
			children = (
				75C2428D1CAEC7400060197E /* SDProgressView */,
				755B242F1CA820E600ECC369 /* SQLite */,
			);
			path = Lib;
			sourceTree = "<group>";
		};
		755B242F1CA820E600ECC369 /* SQLite */ = {
			isa = PBXGroup;
			children = (
				755B24321CA8213600ECC369 /* TMRSQLite.swift */,
			);
			path = SQLite;
			sourceTree = "<group>";
		};
		755C96EA1CA8DC0600C83667 /* IconResources */ = {
			isa = PBXGroup;
			children = (
				755C96EB1CA8DC0600C83667 /* back */,
			);
			path = IconResources;
			sourceTree = "<group>";
		};
		755C96EB1CA8DC0600C83667 /* back */ = {
			isa = PBXGroup;
			children = (
				755C96EC1CA8DC0600C83667 /* return_black.png */,
				755C96ED1CA8DC0600C83667 /* return_black@2x.png */,
				755C96EE1CA8DC0600C83667 /* return_black@3x.png */,
				755C96EF1CA8DC0600C83667 /* return_gray.png */,
				755C96F01CA8DC0600C83667 /* return_gray@2x.png */,
				755C96F11CA8DC0600C83667 /* return_gray@3x.png */,
				755C96F21CA8DC0600C83667 /* return_white.png */,
				755C96F31CA8DC0600C83667 /* return_white@2x.png */,
				755C96F41CA8DC0600C83667 /* return_white@3x.png */,
			);
			path = back;
			sourceTree = "<group>";
		};
		755C97001CA8E1DC00C83667 /* extension */ = {
			isa = PBXGroup;
			children = (
				755C97011CA8E21600C83667 /* Controller.swift */,
				75975B721CAE17B400839BC2 /* TMRString.swift */,
			);
			path = extension;
			sourceTree = "<group>";
		};
		7563B3B81CA7CCAE00BC84BB /* Class */ = {
			isa = PBXGroup;
			children = (
				7563B3B91CA7CCAE00BC84BB /* Main */,
				7563B3BA1CA7CCAE00BC84BB /* Network */,
				7563B3BE1CA7CCAE00BC84BB /* Other */,
				7563B3BF1CA7CCAE00BC84BB /* Processed */,
				7563B3C31CA7CCAE00BC84BB /* Processing */,
				7563B3C71CA7CCAE00BC84BB /* Worksheet */,
			);
			path = Class;
			sourceTree = "<group>";
		};
		7563B3B91CA7CCAE00BC84BB /* Main */ = {
			isa = PBXGroup;
			children = (
				75E061BB1CAD8C1000CF1E9A /* View */,
				75C9A9BD1CA8C87600F95090 /* Model */,
				7563B3D91CA7CF4300BC84BB /* GlobalValue.swift */,
				755C96FE1CA8E0F600C83667 /* TMRNavigationController.swift */,
				755C97031CA8E34400C83667 /* TMRBaseViewController.swift */,
			);
			path = Main;
			sourceTree = "<group>";
		};
		7563B3BA1CA7CCAE00BC84BB /* Network */ = {
			isa = PBXGroup;
			children = (
				7563B3BB1CA7CCAE00BC84BB /* Controller */,
				7563B3BC1CA7CCAE00BC84BB /* Model */,
				7563B3BD1CA7CCAE00BC84BB /* View */,
			);
			path = Network;
			sourceTree = "<group>";
		};
		7563B3BB1CA7CCAE00BC84BB /* Controller */ = {
			isa = PBXGroup;
			children = (
				7563B3D51CA7CDA200BC84BB /* TMRNetwork.swift */,
				7563B3D61CA7CDA200BC84BB /* TMRNetwork.xib */,
				75C949791CB151AF00F7EA2D /* TMRLogin.swift */,
				75C9497A1CB151AF00F7EA2D /* TMRLogin.xib */,
			);
			path = Controller;
			sourceTree = "<group>";
		};
		7563B3BC1CA7CCAE00BC84BB /* Model */ = {
			isa = PBXGroup;
			children = (
			);
			path = Model;
			sourceTree = "<group>";
		};
		7563B3BD1CA7CCAE00BC84BB /* View */ = {
			isa = PBXGroup;
			children = (
				75A957921CB1025600A6EE9C /* NetWorkCell.swift */,
				75A957931CB1025600A6EE9C /* NetWorkCell.xib */,
			);
			path = View;
			sourceTree = "<group>";
		};
		7563B3BE1CA7CCAE00BC84BB /* Other */ = {
			isa = PBXGroup;
			children = (
				755C97001CA8E1DC00C83667 /* extension */,
				755B242E1CA820E600ECC369 /* Lib */,
				755B242B1CA8200000ECC369 /* TMR-Bridging-Header.h */,
			);
			path = Other;
			sourceTree = "<group>";
		};
		7563B3BF1CA7CCAE00BC84BB /* Processed */ = {
			isa = PBXGroup;
			children = (
				7563B3C01CA7CCAE00BC84BB /* Controller */,
				7563B3C11CA7CCAE00BC84BB /* Model */,
				7563B3C21CA7CCAE00BC84BB /* View */,
			);
			path = Processed;
			sourceTree = "<group>";
		};
		7563B3C01CA7CCAE00BC84BB /* Controller */ = {
			isa = PBXGroup;
			children = (
				7563B3CD1CA7CD4200BC84BB /* TMRProcessed.swift */,
			);
			path = Controller;
			sourceTree = "<group>";
		};
		7563B3C11CA7CCAE00BC84BB /* Model */ = {
			isa = PBXGroup;
			children = (
			);
			path = Model;
			sourceTree = "<group>";
		};
		7563B3C21CA7CCAE00BC84BB /* View */ = {
			isa = PBXGroup;
			children = (
			);
			path = View;
			sourceTree = "<group>";
		};
		7563B3C31CA7CCAE00BC84BB /* Processing */ = {
			isa = PBXGroup;
			children = (
				7563B3C41CA7CCAE00BC84BB /* Controller */,
				7563B3C51CA7CCAE00BC84BB /* Model */,
				7563B3C61CA7CCAE00BC84BB /* View */,
			);
			path = Processing;
			sourceTree = "<group>";
		};
		7563B3C41CA7CCAE00BC84BB /* Controller */ = {
			isa = PBXGroup;
			children = (
				75C242A41CAF8F560060197E /* TMRProcessing.swift */,
				75C242A51CAF8F560060197E /* TMRProcessing.xib */,
			);
			path = Controller;
			sourceTree = "<group>";
		};
		7563B3C51CA7CCAE00BC84BB /* Model */ = {
			isa = PBXGroup;
			children = (
			);
			path = Model;
			sourceTree = "<group>";
		};
		7563B3C61CA7CCAE00BC84BB /* View */ = {
			isa = PBXGroup;
			children = (
				75C242AC1CAF9F810060197E /* TMRProcessingCell.swift */,
				75C242AD1CAF9F810060197E /* TMRProcessingCell.xib */,
				75C242B21CAFB5A10060197E /* ProcessingView.swift */,
				75C242B41CAFB5B60060197E /* ProcessingView.xib */,
			);
			path = View;
			sourceTree = "<group>";
		};
		7563B3C71CA7CCAE00BC84BB /* Worksheet */ = {
			isa = PBXGroup;
			children = (
				7563B3C81CA7CCAE00BC84BB /* Controller */,
				7563B3C91CA7CCAE00BC84BB /* Model */,
				7563B3CA1CA7CCAE00BC84BB /* View */,
			);
			path = Worksheet;
			sourceTree = "<group>";
		};
		7563B3C81CA7CCAE00BC84BB /* Controller */ = {
			isa = PBXGroup;
			children = (
				7563B3D11CA7CD8700BC84BB /* TMRWorksheet.swift */,
				7563B3D21CA7CD8700BC84BB /* TMRWorksheet.xib */,
				755C96E61CA8D87900C83667 /* TMRForageManage.swift */,
				755C96E71CA8D87900C83667 /* TMRForageManage.xib */,
				7543FB9F1CA9673D0041228D /* TMRCattleManage.swift */,
				7543FBA01CA9673D0041228D /* TMRCattleManage.xib */,
				75E369E31CAA2CA000263D6D /* CattleManageDetail.swift */,
				75E369E41CAA2CA000263D6D /* CattleManageDetail.xib */,
				759D4AFA1CACAEA300B103A5 /* TMRFoundationMake.swift */,
				759D4AFB1CACAEA300B103A5 /* TMRFoundationMake.xib */,
				759D4AFE1CACAEC100B103A5 /* TMRWorksheetMake.swift */,
				759D4AFF1CACAEC100B103A5 /* TMRWorksheetMake.xib */,
			);
			path = Controller;
			sourceTree = "<group>";
		};
		7563B3C91CA7CCAE00BC84BB /* Model */ = {
			isa = PBXGroup;
			children = (
			);
			path = Model;
			sourceTree = "<group>";
		};
		7563B3CA1CA7CCAE00BC84BB /* View */ = {
			isa = PBXGroup;
			children = (
				7595C4171CA913D0000EECAB /* ForageManageCell.swift */,
				7595C4181CA913D0000EECAB /* ForageManageCell.xib */,
				7595C41B1CA91962000EECAB /* ForageAddView.swift */,
				7595C41D1CA91987000EECAB /* ForageAddView.xib */,
				7543FBA31CA96B0A0041228D /* CattleManageCell.swift */,
				7543FBA41CA96B0A0041228D /* CattleManageCell.xib */,
				7543FBA71CA9794D0041228D /* CattleView.swift */,
				7543FBA91CA9795C0041228D /* CattleView.xib */,
				75E369E71CAA360400263D6D /* CattleManageDetailCell.swift */,
				75E369E81CAA360400263D6D /* CattleManageDetailCell.xib */,
				75D168651CAAD4A000BAE849 /* FoundationMakeView.swift */,
				75D168691CAAD66000BAE849 /* FoundationMakeCell.swift */,
				75D1686A1CAAD66000BAE849 /* FoundationMakeCell.xib */,
				759D4B021CACB27800B103A5 /* TMRFoundationMakeCell.swift */,
				759D4B031CACB27800B103A5 /* TMRFoundationMakeCell.xib */,
			);
			path = View;
			sourceTree = "<group>";
		};
		75C2428D1CAEC7400060197E /* SDProgressView */ = {
			isa = PBXGroup;
			children = (
				75C2428E1CAEC7400060197E /* SDBallProgressView.h */,
				75C2428F1CAEC7400060197E /* SDBallProgressView.m */,
				75C242901CAEC7400060197E /* SDBaseProgressView.h */,
				75C242911CAEC7400060197E /* SDBaseProgressView.m */,
				75C242921CAEC7400060197E /* SDLoopProgressView.h */,
				75C242931CAEC7400060197E /* SDLoopProgressView.m */,
				75C242941CAEC7400060197E /* SDPieLoopProgressView.h */,
				75C242951CAEC7400060197E /* SDPieLoopProgressView.m */,
				75C242961CAEC7400060197E /* SDPieProgressView.h */,
				75C242971CAEC7400060197E /* SDPieProgressView.m */,
				75C242981CAEC7400060197E /* SDProgressView.h */,
				75C242991CAEC7400060197E /* SDRotationLoopProgressView.h */,
				75C2429A1CAEC7400060197E /* SDRotationLoopProgressView.m */,
				75C2429B1CAEC7400060197E /* SDTransparentPieProgressView.h */,
				75C2429C1CAEC7400060197E /* SDTransparentPieProgressView.m */,
			);
			path = SDProgressView;
			sourceTree = "<group>";
		};
		75C9A9BD1CA8C87600F95090 /* Model */ = {
			isa = PBXGroup;
			children = (
				75C9A9BE1CA8C89B00F95090 /* Worksheet.swift */,
				75C9A9C01CA8C8BF00F95090 /* ForageManage.swift */,
				75C9A9C21CA8C8DD00F95090 /* CattleManage.swift */,
				75C9A9C41CA8C8F300F95090 /* FoundationManage.swift */,
				75C242B01CAFA8600060197E /* WorksheetModel.swift */,
			);
			path = Model;
			sourceTree = "<group>";
		};
		75E061BB1CAD8C1000CF1E9A /* View */ = {
			isa = PBXGroup;
			children = (
				75E061BC1CAD8C2900CF1E9A /* TMRHintView.swift */,
			);
			path = View;
			sourceTree = "<group>";
		};
		8AC7097A3CE5DE98CA2BDDEA /* Frameworks */ = {
			isa = PBXGroup;
			children = (
				755B24701CA82ADF00ECC369 /* libsqlite3.0.tbd */,
				89E5C04FCB28E3E37EF02375 /* Pods.framework */,
			);
			name = Frameworks;
			sourceTree = "<group>";
		};
		C73F417569FD2598F584113C /* Pods */ = {
			isa = PBXGroup;
			children = (
				0D147B0D512A9A222F3727F9 /* Pods.debug.xcconfig */,
				0C9101593111FE2403F88E22 /* Pods.release.xcconfig */,
			);
			name = Pods;
			sourceTree = "<group>";
		};
/* End PBXGroup section */

/* Begin PBXNativeTarget section */
		7501E16C1CA7BDFB0047B6D0 /* TMR */ = {
			isa = PBXNativeTarget;
			buildConfigurationList = 7501E1951CA7BDFB0047B6D0 /* Build configuration list for PBXNativeTarget "TMR" */;
			buildPhases = (
				D4C47E833A76F8AD7E5CCCB3 /* Check Pods Manifest.lock */,
				7501E1691CA7BDFB0047B6D0 /* Sources */,
				7501E16A1CA7BDFB0047B6D0 /* Frameworks */,
				7501E16B1CA7BDFB0047B6D0 /* Resources */,
				B64509A73216430E2225F322 /* Embed Pods Frameworks */,
				518153306062404DF804C3F7 /* Copy Pods Resources */,
			);
			buildRules = (
			);
			dependencies = (
			);
			name = TMR;
			productName = TMR;
			productReference = 7501E16D1CA7BDFB0047B6D0 /* TMR.app */;
			productType = "com.apple.product-type.application";
		};
		7501E1801CA7BDFB0047B6D0 /* TMRTests */ = {
			isa = PBXNativeTarget;
			buildConfigurationList = 7501E1981CA7BDFB0047B6D0 /* Build configuration list for PBXNativeTarget "TMRTests" */;
			buildPhases = (
				7501E17D1CA7BDFB0047B6D0 /* Sources */,
				7501E17E1CA7BDFB0047B6D0 /* Frameworks */,
				7501E17F1CA7BDFB0047B6D0 /* Resources */,
			);
			buildRules = (
			);
			dependencies = (
				7501E1831CA7BDFB0047B6D0 /* PBXTargetDependency */,
			);
			name = TMRTests;
			productName = TMRTests;
			productReference = 7501E1811CA7BDFB0047B6D0 /* TMRTests.xctest */;
			productType = "com.apple.product-type.bundle.unit-test";
		};
		7501E18B1CA7BDFB0047B6D0 /* TMRUITests */ = {
			isa = PBXNativeTarget;
			buildConfigurationList = 7501E19B1CA7BDFB0047B6D0 /* Build configuration list for PBXNativeTarget "TMRUITests" */;
			buildPhases = (
				7501E1881CA7BDFB0047B6D0 /* Sources */,
				7501E1891CA7BDFB0047B6D0 /* Frameworks */,
				7501E18A1CA7BDFB0047B6D0 /* Resources */,
			);
			buildRules = (
			);
			dependencies = (
				7501E18E1CA7BDFB0047B6D0 /* PBXTargetDependency */,
			);
			name = TMRUITests;
			productName = TMRUITests;
			productReference = 7501E18C1CA7BDFB0047B6D0 /* TMRUITests.xctest */;
			productType = "com.apple.product-type.bundle.ui-testing";
		};
/* End PBXNativeTarget section */

/* Begin PBXProject section */
		7501E1651CA7BDFB0047B6D0 /* Project object */ = {
			isa = PBXProject;
			attributes = {
				LastSwiftUpdateCheck = 0730;
				LastUpgradeCheck = 0730;
				ORGANIZATIONNAME = "勒俊";
				TargetAttributes = {
					7501E16C1CA7BDFB0047B6D0 = {
						CreatedOnToolsVersion = 7.3;
					};
					7501E1801CA7BDFB0047B6D0 = {
						CreatedOnToolsVersion = 7.3;
						TestTargetID = 7501E16C1CA7BDFB0047B6D0;
					};
					7501E18B1CA7BDFB0047B6D0 = {
						CreatedOnToolsVersion = 7.3;
						TestTargetID = 7501E16C1CA7BDFB0047B6D0;
					};
				};
			};
			buildConfigurationList = 7501E1681CA7BDFB0047B6D0 /* Build configuration list for PBXProject "TMR" */;
			compatibilityVersion = "Xcode 3.2";
			developmentRegion = English;
			hasScannedForEncodings = 0;
			knownRegions = (
				en,
				Base,
			);
			mainGroup = 7501E1641CA7BDFB0047B6D0;
			productRefGroup = 7501E16E1CA7BDFB0047B6D0 /* Products */;
			projectDirPath = "";
			projectRoot = "";
			targets = (
				7501E16C1CA7BDFB0047B6D0 /* TMR */,
				7501E1801CA7BDFB0047B6D0 /* TMRTests */,
				7501E18B1CA7BDFB0047B6D0 /* TMRUITests */,
			);
		};
/* End PBXProject section */

/* Begin PBXResourcesBuildPhase section */
		7501E16B1CA7BDFB0047B6D0 /* Resources */ = {
			isa = PBXResourcesBuildPhase;
			buildActionMask = 2147483647;
			files = (
				755C96FD1CA8DC0600C83667 /* return_white@3x.png in Resources */,
				75C242B51CAFB5B60060197E /* ProcessingView.xib in Resources */,
				755C96FC1CA8DC0600C83667 /* return_white@2x.png in Resources */,
				759D4B051CACB27800B103A5 /* TMRFoundationMakeCell.xib in Resources */,
				75C242A71CAF8F560060197E /* TMRProcessing.xib in Resources */,
				7595C41A1CA913D0000EECAB /* ForageManageCell.xib in Resources */,
				755C96F81CA8DC0600C83667 /* return_gray.png in Resources */,
				75E369EA1CAA360400263D6D /* CattleManageDetailCell.xib in Resources */,
				75C9497C1CB151AF00F7EA2D /* TMRLogin.xib in Resources */,
				755C96F51CA8DC0600C83667 /* return_black.png in Resources */,
				7543FBA61CA96B0A0041228D /* CattleManageCell.xib in Resources */,
				755C96FA1CA8DC0600C83667 /* return_gray@3x.png in Resources */,
				755C96F91CA8DC0600C83667 /* return_gray@2x.png in Resources */,
				7543FBA21CA9673D0041228D /* TMRCattleManage.xib in Resources */,
				755C96F71CA8DC0600C83667 /* return_black@3x.png in Resources */,
				7563B3D41CA7CD8700BC84BB /* TMRWorksheet.xib in Resources */,
				7595C41E1CA91987000EECAB /* ForageAddView.xib in Resources */,
				7501E17B1CA7BDFB0047B6D0 /* LaunchScreen.storyboard in Resources */,
				759D4B011CACAEC100B103A5 /* TMRWorksheetMake.xib in Resources */,
				7501E1781CA7BDFB0047B6D0 /* Assets.xcassets in Resources */,
				75C242AF1CAF9F810060197E /* TMRProcessingCell.xib in Resources */,
				755C96FB1CA8DC0600C83667 /* return_white.png in Resources */,
				75D1686C1CAAD66000BAE849 /* FoundationMakeCell.xib in Resources */,
				755C96F61CA8DC0600C83667 /* return_black@2x.png in Resources */,
				7501E1761CA7BDFB0047B6D0 /* Main.storyboard in Resources */,
				75A957951CB1025600A6EE9C /* NetWorkCell.xib in Resources */,
				75E369E61CAA2CA000263D6D /* CattleManageDetail.xib in Resources */,
				755C96E91CA8D87900C83667 /* TMRForageManage.xib in Resources */,
				7563B3D81CA7CDA200BC84BB /* TMRNetwork.xib in Resources */,
				759D4AFD1CACAEA300B103A5 /* TMRFoundationMake.xib in Resources */,
				7543FBAA1CA9795C0041228D /* CattleView.xib in Resources */,
			);
			runOnlyForDeploymentPostprocessing = 0;
		};
		7501E17F1CA7BDFB0047B6D0 /* Resources */ = {
			isa = PBXResourcesBuildPhase;
			buildActionMask = 2147483647;
			files = (
			);
			runOnlyForDeploymentPostprocessing = 0;
		};
		7501E18A1CA7BDFB0047B6D0 /* Resources */ = {
			isa = PBXResourcesBuildPhase;
			buildActionMask = 2147483647;
			files = (
			);
			runOnlyForDeploymentPostprocessing = 0;
		};
/* End PBXResourcesBuildPhase section */

/* Begin PBXShellScriptBuildPhase section */
		518153306062404DF804C3F7 /* Copy Pods Resources */ = {
			isa = PBXShellScriptBuildPhase;
			buildActionMask = 2147483647;
			files = (
			);
			inputPaths = (
			);
			name = "Copy Pods Resources";
			outputPaths = (
			);
			runOnlyForDeploymentPostprocessing = 0;
			shellPath = /bin/sh;
			shellScript = "\"${SRCROOT}/Pods/Target Support Files/Pods/Pods-resources.sh\"\n";
			showEnvVarsInLog = 0;
		};
		B64509A73216430E2225F322 /* Embed Pods Frameworks */ = {
			isa = PBXShellScriptBuildPhase;
			buildActionMask = 2147483647;
			files = (
			);
			inputPaths = (
			);
			name = "Embed Pods Frameworks";
			outputPaths = (
			);
			runOnlyForDeploymentPostprocessing = 0;
			shellPath = /bin/sh;
			shellScript = "\"${SRCROOT}/Pods/Target Support Files/Pods/Pods-frameworks.sh\"\n";
			showEnvVarsInLog = 0;
		};
		D4C47E833A76F8AD7E5CCCB3 /* Check Pods Manifest.lock */ = {
			isa = PBXShellScriptBuildPhase;
			buildActionMask = 2147483647;
			files = (
			);
			inputPaths = (
			);
			name = "Check Pods Manifest.lock";
			outputPaths = (
			);
			runOnlyForDeploymentPostprocessing = 0;
			shellPath = /bin/sh;
			shellScript = "diff \"${PODS_ROOT}/../Podfile.lock\" \"${PODS_ROOT}/Manifest.lock\" > /dev/null\nif [[ $? != 0 ]] ; then\n    cat << EOM\nerror: The sandbox is not in sync with the Podfile.lock. Run 'pod install' or update your CocoaPods installation.\nEOM\n    exit 1\nfi\n";
			showEnvVarsInLog = 0;
		};
/* End PBXShellScriptBuildPhase section */

/* Begin PBXSourcesBuildPhase section */
		7501E1691CA7BDFB0047B6D0 /* Sources */ = {
			isa = PBXSourcesBuildPhase;
			buildActionMask = 2147483647;
			files = (
				7543FBA81CA9794D0041228D /* CattleView.swift in Sources */,
				7543FBA11CA9673D0041228D /* TMRCattleManage.swift in Sources */,
				755C97021CA8E21600C83667 /* Controller.swift in Sources */,
				75D168661CAAD4A000BAE849 /* FoundationMakeView.swift in Sources */,
				7563B3CE1CA7CD4200BC84BB /* TMRProcessed.swift in Sources */,
				75C242A01CAEC7400060197E /* SDPieLoopProgressView.m in Sources */,
				755C96FF1CA8E0F600C83667 /* TMRNavigationController.swift in Sources */,
				755C97041CA8E34400C83667 /* TMRBaseViewController.swift in Sources */,
				75C9A9C51CA8C8F300F95090 /* FoundationManage.swift in Sources */,
				75C9497B1CB151AF00F7EA2D /* TMRLogin.swift in Sources */,
				759D4B001CACAEC100B103A5 /* TMRWorksheetMake.swift in Sources */,
				75C242A61CAF8F560060197E /* TMRProcessing.swift in Sources */,
				755C96E81CA8D87900C83667 /* TMRForageManage.swift in Sources */,
				75C242B11CAFA8600060197E /* WorksheetModel.swift in Sources */,
				7595C4191CA913D0000EECAB /* ForageManageCell.swift in Sources */,
				75E369E91CAA360400263D6D /* CattleManageDetailCell.swift in Sources */,
				75C2429D1CAEC7400060197E /* SDBallProgressView.m in Sources */,
				75C242A11CAEC7400060197E /* SDPieProgressView.m in Sources */,
				7563B3D31CA7CD8700BC84BB /* TMRWorksheet.swift in Sources */,
				75C9A9C11CA8C8BF00F95090 /* ForageManage.swift in Sources */,
				7563B3D71CA7CDA200BC84BB /* TMRNetwork.swift in Sources */,
				75E061BD1CAD8C2900CF1E9A /* TMRHintView.swift in Sources */,
				75C2429E1CAEC7400060197E /* SDBaseProgressView.m in Sources */,
				75C242A21CAEC7400060197E /* SDRotationLoopProgressView.m in Sources */,
				759D4AFC1CACAEA300B103A5 /* TMRFoundationMake.swift in Sources */,
				75C9A9BF1CA8C89B00F95090 /* Worksheet.swift in Sources */,
				75975B731CAE17B400839BC2 /* TMRString.swift in Sources */,
				7563B3DA1CA7CF4300BC84BB /* GlobalValue.swift in Sources */,
				759D4B041CACB27800B103A5 /* TMRFoundationMakeCell.swift in Sources */,
				7501E1731CA7BDFB0047B6D0 /* ViewController.swift in Sources */,
				75C242AE1CAF9F810060197E /* TMRProcessingCell.swift in Sources */,
				75C9A9C31CA8C8DD00F95090 /* CattleManage.swift in Sources */,
				75C242B31CAFB5A10060197E /* ProcessingView.swift in Sources */,
				75A957941CB1025600A6EE9C /* NetWorkCell.swift in Sources */,
				75E369E51CAA2CA000263D6D /* CattleManageDetail.swift in Sources */,
				75C242A31CAEC7400060197E /* SDTransparentPieProgressView.m in Sources */,
				75D1686B1CAAD66000BAE849 /* FoundationMakeCell.swift in Sources */,
				7501E1711CA7BDFB0047B6D0 /* AppDelegate.swift in Sources */,
				7595C41C1CA91962000EECAB /* ForageAddView.swift in Sources */,
				755B24331CA8213600ECC369 /* TMRSQLite.swift in Sources */,
				75C2429F1CAEC7400060197E /* SDLoopProgressView.m in Sources */,
				7543FBA51CA96B0A0041228D /* CattleManageCell.swift in Sources */,
			);
			runOnlyForDeploymentPostprocessing = 0;
		};
		7501E17D1CA7BDFB0047B6D0 /* Sources */ = {
			isa = PBXSourcesBuildPhase;
			buildActionMask = 2147483647;
			files = (
				7501E1861CA7BDFB0047B6D0 /* TMRTests.swift in Sources */,
			);
			runOnlyForDeploymentPostprocessing = 0;
		};
		7501E1881CA7BDFB0047B6D0 /* Sources */ = {
			isa = PBXSourcesBuildPhase;
			buildActionMask = 2147483647;
			files = (
				7501E1911CA7BDFB0047B6D0 /* TMRUITests.swift in Sources */,
			);
			runOnlyForDeploymentPostprocessing = 0;
		};
/* End PBXSourcesBuildPhase section */

/* Begin PBXTargetDependency section */
		7501E1831CA7BDFB0047B6D0 /* PBXTargetDependency */ = {
			isa = PBXTargetDependency;
			target = 7501E16C1CA7BDFB0047B6D0 /* TMR */;
			targetProxy = 7501E1821CA7BDFB0047B6D0 /* PBXContainerItemProxy */;
		};
		7501E18E1CA7BDFB0047B6D0 /* PBXTargetDependency */ = {
			isa = PBXTargetDependency;
			target = 7501E16C1CA7BDFB0047B6D0 /* TMR */;
			targetProxy = 7501E18D1CA7BDFB0047B6D0 /* PBXContainerItemProxy */;
		};
/* End PBXTargetDependency section */

/* Begin PBXVariantGroup section */
		7501E1741CA7BDFB0047B6D0 /* Main.storyboard */ = {
			isa = PBXVariantGroup;
			children = (
				7501E1751CA7BDFB0047B6D0 /* Base */,
			);
			name = Main.storyboard;
			sourceTree = "<group>";
		};
		7501E1791CA7BDFB0047B6D0 /* LaunchScreen.storyboard */ = {
			isa = PBXVariantGroup;
			children = (
				7501E17A1CA7BDFB0047B6D0 /* Base */,
			);
			name = LaunchScreen.storyboard;
			sourceTree = "<group>";
		};
/* End PBXVariantGroup section */

/* Begin XCBuildConfiguration section */
		7501E1931CA7BDFB0047B6D0 /* Debug */ = {
			isa = XCBuildConfiguration;
			buildSettings = {
				ALWAYS_SEARCH_USER_PATHS = NO;
				CLANG_ANALYZER_NONNULL = YES;
				CLANG_CXX_LANGUAGE_STANDARD = "gnu++0x";
				CLANG_CXX_LIBRARY = "libc++";
				CLANG_ENABLE_MODULES = YES;
				CLANG_ENABLE_OBJC_ARC = YES;
				CLANG_WARN_BOOL_CONVERSION = YES;
				CLANG_WARN_CONSTANT_CONVERSION = YES;
				CLANG_WARN_DIRECT_OBJC_ISA_USAGE = YES_ERROR;
				CLANG_WARN_EMPTY_BODY = YES;
				CLANG_WARN_ENUM_CONVERSION = YES;
				CLANG_WARN_INT_CONVERSION = YES;
				CLANG_WARN_OBJC_ROOT_CLASS = YES_ERROR;
				CLANG_WARN_UNREACHABLE_CODE = YES;
				CLANG_WARN__DUPLICATE_METHOD_MATCH = YES;
				"CODE_SIGN_IDENTITY[sdk=iphoneos*]" = "iPhone Developer";
				COPY_PHASE_STRIP = NO;
				DEBUG_INFORMATION_FORMAT = dwarf;
				ENABLE_STRICT_OBJC_MSGSEND = YES;
				ENABLE_TESTABILITY = YES;
				GCC_C_LANGUAGE_STANDARD = gnu99;
				GCC_DYNAMIC_NO_PIC = NO;
				GCC_NO_COMMON_BLOCKS = YES;
				GCC_OPTIMIZATION_LEVEL = 0;
				GCC_PREPROCESSOR_DEFINITIONS = (
					"DEBUG=1",
					"$(inherited)",
				);
				GCC_WARN_64_TO_32_BIT_CONVERSION = YES;
				GCC_WARN_ABOUT_RETURN_TYPE = YES_ERROR;
				GCC_WARN_UNDECLARED_SELECTOR = YES;
				GCC_WARN_UNINITIALIZED_AUTOS = YES_AGGRESSIVE;
				GCC_WARN_UNUSED_FUNCTION = YES;
				GCC_WARN_UNUSED_VARIABLE = YES;
				IPHONEOS_DEPLOYMENT_TARGET = 9.3;
				MTL_ENABLE_DEBUG_INFO = YES;
				ONLY_ACTIVE_ARCH = YES;
				SDKROOT = iphoneos;
				SWIFT_OPTIMIZATION_LEVEL = "-Onone";
			};
			name = Debug;
		};
		7501E1941CA7BDFB0047B6D0 /* Release */ = {
			isa = XCBuildConfiguration;
			buildSettings = {
				ALWAYS_SEARCH_USER_PATHS = NO;
				CLANG_ANALYZER_NONNULL = YES;
				CLANG_CXX_LANGUAGE_STANDARD = "gnu++0x";
				CLANG_CXX_LIBRARY = "libc++";
				CLANG_ENABLE_MODULES = YES;
				CLANG_ENABLE_OBJC_ARC = YES;
				CLANG_WARN_BOOL_CONVERSION = YES;
				CLANG_WARN_CONSTANT_CONVERSION = YES;
				CLANG_WARN_DIRECT_OBJC_ISA_USAGE = YES_ERROR;
				CLANG_WARN_EMPTY_BODY = YES;
				CLANG_WARN_ENUM_CONVERSION = YES;
				CLANG_WARN_INT_CONVERSION = YES;
				CLANG_WARN_OBJC_ROOT_CLASS = YES_ERROR;
				CLANG_WARN_UNREACHABLE_CODE = YES;
				CLANG_WARN__DUPLICATE_METHOD_MATCH = YES;
				"CODE_SIGN_IDENTITY[sdk=iphoneos*]" = "iPhone Developer";
				COPY_PHASE_STRIP = NO;
				DEBUG_INFORMATION_FORMAT = "dwarf-with-dsym";
				ENABLE_NS_ASSERTIONS = NO;
				ENABLE_STRICT_OBJC_MSGSEND = YES;
				GCC_C_LANGUAGE_STANDARD = gnu99;
				GCC_NO_COMMON_BLOCKS = YES;
				GCC_WARN_64_TO_32_BIT_CONVERSION = YES;
				GCC_WARN_ABOUT_RETURN_TYPE = YES_ERROR;
				GCC_WARN_UNDECLARED_SELECTOR = YES;
				GCC_WARN_UNINITIALIZED_AUTOS = YES_AGGRESSIVE;
				GCC_WARN_UNUSED_FUNCTION = YES;
				GCC_WARN_UNUSED_VARIABLE = YES;
				IPHONEOS_DEPLOYMENT_TARGET = 9.3;
				MTL_ENABLE_DEBUG_INFO = NO;
				SDKROOT = iphoneos;
				VALIDATE_PRODUCT = YES;
			};
			name = Release;
		};
		7501E1961CA7BDFB0047B6D0 /* Debug */ = {
			isa = XCBuildConfiguration;
			baseConfigurationReference = 0D147B0D512A9A222F3727F9 /* Pods.debug.xcconfig */;
			buildSettings = {
				ASSETCATALOG_COMPILER_APPICON_NAME = AppIcon;
				CLANG_ENABLE_MODULES = YES;
				INFOPLIST_FILE = TMR/Info.plist;
				LD_RUNPATH_SEARCH_PATHS = "$(inherited) @executable_path/Frameworks";
				PRODUCT_BUNDLE_IDENTIFIER = BTBU.TMR;
				PRODUCT_NAME = "$(TARGET_NAME)";
				SWIFT_OBJC_BRIDGING_HEADER = "TMR/Class/Other/TMR-Bridging-Header.h";
				SWIFT_OPTIMIZATION_LEVEL = "-Onone";
			};
			name = Debug;
		};
		7501E1971CA7BDFB0047B6D0 /* Release */ = {
			isa = XCBuildConfiguration;
			baseConfigurationReference = 0C9101593111FE2403F88E22 /* Pods.release.xcconfig */;
			buildSettings = {
				ASSETCATALOG_COMPILER_APPICON_NAME = AppIcon;
				CLANG_ENABLE_MODULES = YES;
				INFOPLIST_FILE = TMR/Info.plist;
				LD_RUNPATH_SEARCH_PATHS = "$(inherited) @executable_path/Frameworks";
				PRODUCT_BUNDLE_IDENTIFIER = BTBU.TMR;
				PRODUCT_NAME = "$(TARGET_NAME)";
				SWIFT_OBJC_BRIDGING_HEADER = "TMR/Class/Other/TMR-Bridging-Header.h";
			};
			name = Release;
		};
		7501E1991CA7BDFB0047B6D0 /* Debug */ = {
			isa = XCBuildConfiguration;
			buildSettings = {
				BUNDLE_LOADER = "$(TEST_HOST)";
				INFOPLIST_FILE = TMRTests/Info.plist;
				LD_RUNPATH_SEARCH_PATHS = "$(inherited) @executable_path/Frameworks @loader_path/Frameworks";
				PRODUCT_BUNDLE_IDENTIFIER = BTBU.TMRTests;
				PRODUCT_NAME = "$(TARGET_NAME)";
				TEST_HOST = "$(BUILT_PRODUCTS_DIR)/TMR.app/TMR";
			};
			name = Debug;
		};
		7501E19A1CA7BDFB0047B6D0 /* Release */ = {
			isa = XCBuildConfiguration;
			buildSettings = {
				BUNDLE_LOADER = "$(TEST_HOST)";
				INFOPLIST_FILE = TMRTests/Info.plist;
				LD_RUNPATH_SEARCH_PATHS = "$(inherited) @executable_path/Frameworks @loader_path/Frameworks";
				PRODUCT_BUNDLE_IDENTIFIER = BTBU.TMRTests;
				PRODUCT_NAME = "$(TARGET_NAME)";
				TEST_HOST = "$(BUILT_PRODUCTS_DIR)/TMR.app/TMR";
			};
			name = Release;
		};
		7501E19C1CA7BDFB0047B6D0 /* Debug */ = {
			isa = XCBuildConfiguration;
			buildSettings = {
				INFOPLIST_FILE = TMRUITests/Info.plist;
				LD_RUNPATH_SEARCH_PATHS = "$(inherited) @executable_path/Frameworks @loader_path/Frameworks";
				PRODUCT_BUNDLE_IDENTIFIER = BTBU.TMRUITests;
				PRODUCT_NAME = "$(TARGET_NAME)";
				TEST_TARGET_NAME = TMR;
			};
			name = Debug;
		};
		7501E19D1CA7BDFB0047B6D0 /* Release */ = {
			isa = XCBuildConfiguration;
			buildSettings = {
				INFOPLIST_FILE = TMRUITests/Info.plist;
				LD_RUNPATH_SEARCH_PATHS = "$(inherited) @executable_path/Frameworks @loader_path/Frameworks";
				PRODUCT_BUNDLE_IDENTIFIER = BTBU.TMRUITests;
				PRODUCT_NAME = "$(TARGET_NAME)";
				TEST_TARGET_NAME = TMR;
			};
			name = Release;
		};
/* End XCBuildConfiguration section */

/* Begin XCConfigurationList section */
		7501E1681CA7BDFB0047B6D0 /* Build configuration list for PBXProject "TMR" */ = {
			isa = XCConfigurationList;
			buildConfigurations = (
				7501E1931CA7BDFB0047B6D0 /* Debug */,
				7501E1941CA7BDFB0047B6D0 /* Release */,
			);
			defaultConfigurationIsVisible = 0;
			defaultConfigurationName = Release;
		};
		7501E1951CA7BDFB0047B6D0 /* Build configuration list for PBXNativeTarget "TMR" */ = {
			isa = XCConfigurationList;
			buildConfigurations = (
				7501E1961CA7BDFB0047B6D0 /* Debug */,
				7501E1971CA7BDFB0047B6D0 /* Release */,
			);
			defaultConfigurationIsVisible = 0;
			defaultConfigurationName = Release;
		};
		7501E1981CA7BDFB0047B6D0 /* Build configuration list for PBXNativeTarget "TMRTests" */ = {
			isa = XCConfigurationList;
			buildConfigurations = (
				7501E1991CA7BDFB0047B6D0 /* Debug */,
				7501E19A1CA7BDFB0047B6D0 /* Release */,
			);
			defaultConfigurationIsVisible = 0;
			defaultConfigurationName = Release;
		};
		7501E19B1CA7BDFB0047B6D0 /* Build configuration list for PBXNativeTarget "TMRUITests" */ = {
			isa = XCConfigurationList;
			buildConfigurations = (
				7501E19C1CA7BDFB0047B6D0 /* Debug */,
				7501E19D1CA7BDFB0047B6D0 /* Release */,
			);
			defaultConfigurationIsVisible = 0;
			defaultConfigurationName = Release;
		};
/* End XCConfigurationList section */
	};
	rootObject = 7501E1651CA7BDFB0047B6D0 /* Project object */;
}
